
Microsoft Visual Studio Solution File, Format Version 12.00
# Visual Studio Version 17
VisualStudioVersion = 17.1.32407.343
MinimumVisualStudioVersion = 10.0.40219.1
Project("{FAE04EC0-301F-11D3-BF4B-00C04F79EFBC}") = "ImageProcessing", "ImageProcessing\ImageProcessing.csproj", "{7075B88E-BB93-44F5-863F-7DED17DFEF79}"
EndProject
Project("{FAE04EC0-301F-11D3-BF4B-00C04F79EFBC}") = "Monitoring", "Monitoring\Monitoring.csproj", "{75A1CFE0-8538-4F82-89AD-8732EDDD6085}"
EndProject
Project("{8BC9CEB8-8B4A-11D0-8D11-00A0C91BC942}") = "PROG01", "PROG01\PROG01.vcxproj", "{EC7EFCD0-03F1-4947-BF28-2F0B1E9DD3F8}"
EndProject
Project("{FAE04EC0-301F-11D3-BF4B-00C04F79EFBC}") = "SystemInformation", "UniqueID\SystemInformation.csproj", "{E3F83652-1882-4874-A244-85A3645A8E12}"
EndProject
Project("{FAE04EC0-301F-11D3-BF4B-00C04F79EFBC}") = "Font", "Font\Font.csproj", "{D964AEEA-6EB7-492B-B229-79BC3791CCEB}"
EndProject
Project("{FAE04EC0-301F-11D3-BF4B-00C04F79EFBC}") = "Test", "Test\Test.csproj", "{9FF68135-CA9A-42DC-90FB-8382F163A145}"
EndProject
Project("{FAE04EC0-301F-11D3-BF4B-00C04F79EFBC}") = "Tree", "Tree\Tree.csproj", "{4C40BA5C-B155-4740-83D9-C46FDE5DD4C4}"
EndProject
Project("{FAE04EC0-301F-11D3-BF4B-00C04F79EFBC}") = "UseDLL", "UseDLL\UseDLL.csproj", "{45236B4A-E3F3-47EF-8CD2-103F9184DA34}"
EndProject
Project("{FAE04EC0-301F-11D3-BF4B-00C04F79EFBC}") = "DllTest1", "DllTest1\DllTest1.csproj", "{AC14B2F9-B72F-4602-BDE3-A874A3A459A7}"
EndProject
Project("{FAE04EC0-301F-11D3-BF4B-00C04F79EFBC}") = "PriorityQueue", "PriorityQueue\PriorityQueue.csproj", "{AFBE0026-223B-4C12-9A23-70464333022E}"
EndProject
Project("{FAE04EC0-301F-11D3-BF4B-00C04F79EFBC}") = "PriorityQueues", "PriorityQueues\PriorityQueues.csproj", "{A2C2DA39-4851-49D6-84F7-592466CB487A}"
EndProject
Project("{FAE04EC0-301F-11D3-BF4B-00C04F79EFBC}") = "ClassCompare", "ClassCompare\ClassCompare.csproj", "{39258523-7752-4963-B411-5AFC6563A288}"
EndProject
Project("{FAE04EC0-301F-11D3-BF4B-00C04F79EFBC}") = "AprioriPrj", "Apriori\AprioriPrj.csproj", "{9EEC8AE9-6927-4C49-8CD5-16718F163B44}"
EndProject
Project("{FAE04EC0-301F-11D3-BF4B-00C04F79EFBC}") = "CSV_Parsing", "CSV_Parsing\CSV_Parsing.csproj", "{6BC2F057-9968-4792-8D7D-59BDE2D32F43}"
EndProject
Project("{FAE04EC0-301F-11D3-BF4B-00C04F79EFBC}") = "DictionaryKeyClass", "DictionaryKeyClass\DictionaryKeyClass.csproj", "{6C4DA122-8B72-4AA9-AA82-BE37C34C1FAA}"
EndProject
Project("{FAE04EC0-301F-11D3-BF4B-00C04F79EFBC}") = "SortedDictionaryTest", "SortedDictionaryTest\SortedDictionaryTest.csproj", "{8C0ACB8A-B65A-4A72-8272-B179D927ED8B}"
EndProject
Project("{FAE04EC0-301F-11D3-BF4B-00C04F79EFBC}") = "Base64Enc_File", "Base64Enc_File\Base64Enc_File.csproj", "{7403E082-4818-4CF6-B446-3C3C2A2C9C46}"
EndProject
Project("{FAE04EC0-301F-11D3-BF4B-00C04F79EFBC}") = "Base64Dec_File", "Base64Dec_File\Base64Dec_File.csproj", "{C58E6F50-4FB8-4286-9306-A31CE82587BE}"
EndProject
Project("{FAE04EC0-301F-11D3-BF4B-00C04F79EFBC}") = "FileCut", "FileCut\FileCut.csproj", "{E97C7F9B-E373-4C0F-A96B-35145E87FDDD}"
EndProject
Project("{FAE04EC0-301F-11D3-BF4B-00C04F79EFBC}") = "FileCombine", "FileCombine\FileCombine.csproj", "{71728846-696A-434B-8DC5-52A32C63C7A6}"
EndProject
Project("{FAE04EC0-301F-11D3-BF4B-00C04F79EFBC}") = "HTTP_SERVER", "HTTP_SERVER\HTTP_SERVER.csproj", "{B9B23D25-6B90-4D2E-ACF3-9D178860D7BA}"
EndProject
Project("{FAE04EC0-301F-11D3-BF4B-00C04F79EFBC}") = "HTTP_CLIENT", "HTTP_CLIENT\HTTP_CLIENT.csproj", "{A31A3121-9E2B-480E-B21F-888144735CDA}"
EndProject
Global
	GlobalSection(SolutionConfigurationPlatforms) = preSolution
		Debug|Any CPU = Debug|Any CPU
		Debug|x64 = Debug|x64
		Debug|x86 = Debug|x86
		Release|Any CPU = Release|Any CPU
		Release|x64 = Release|x64
		Release|x86 = Release|x86
	EndGlobalSection
	GlobalSection(ProjectConfigurationPlatforms) = postSolution
		{7075B88E-BB93-44F5-863F-7DED17DFEF79}.Debug|Any CPU.ActiveCfg = Debug|Any CPU
		{7075B88E-BB93-44F5-863F-7DED17DFEF79}.Debug|Any CPU.Build.0 = Debug|Any CPU
		{7075B88E-BB93-44F5-863F-7DED17DFEF79}.Debug|x64.ActiveCfg = Debug|Any CPU
		{7075B88E-BB93-44F5-863F-7DED17DFEF79}.Debug|x64.Build.0 = Debug|Any CPU
		{7075B88E-BB93-44F5-863F-7DED17DFEF79}.Debug|x86.ActiveCfg = Debug|Any CPU
		{7075B88E-BB93-44F5-863F-7DED17DFEF79}.Debug|x86.Build.0 = Debug|Any CPU
		{7075B88E-BB93-44F5-863F-7DED17DFEF79}.Release|Any CPU.ActiveCfg = Release|Any CPU
		{7075B88E-BB93-44F5-863F-7DED17DFEF79}.Release|Any CPU.Build.0 = Release|Any CPU
		{7075B88E-BB93-44F5-863F-7DED17DFEF79}.Release|x64.ActiveCfg = Release|Any CPU
		{7075B88E-BB93-44F5-863F-7DED17DFEF79}.Release|x64.Build.0 = Release|Any CPU
		{7075B88E-BB93-44F5-863F-7DED17DFEF79}.Release|x86.ActiveCfg = Release|Any CPU
		{7075B88E-BB93-44F5-863F-7DED17DFEF79}.Release|x86.Build.0 = Release|Any CPU
		{75A1CFE0-8538-4F82-89AD-8732EDDD6085}.Debug|Any CPU.ActiveCfg = Debug|Any CPU
		{75A1CFE0-8538-4F82-89AD-8732EDDD6085}.Debug|Any CPU.Build.0 = Debug|Any CPU
		{75A1CFE0-8538-4F82-89AD-8732EDDD6085}.Debug|x64.ActiveCfg = Debug|Any CPU
		{75A1CFE0-8538-4F82-89AD-8732EDDD6085}.Debug|x64.Build.0 = Debug|Any CPU
		{75A1CFE0-8538-4F82-89AD-8732EDDD6085}.Debug|x86.ActiveCfg = Debug|Any CPU
		{75A1CFE0-8538-4F82-89AD-8732EDDD6085}.Debug|x86.Build.0 = Debug|Any CPU
		{75A1CFE0-8538-4F82-89AD-8732EDDD6085}.Release|Any CPU.ActiveCfg = Release|Any CPU
		{75A1CFE0-8538-4F82-89AD-8732EDDD6085}.Release|Any CPU.Build.0 = Release|Any CPU
		{75A1CFE0-8538-4F82-89AD-8732EDDD6085}.Release|x64.ActiveCfg = Release|Any CPU
		{75A1CFE0-8538-4F82-89AD-8732EDDD6085}.Release|x64.Build.0 = Release|Any CPU
		{75A1CFE0-8538-4F82-89AD-8732EDDD6085}.Release|x86.ActiveCfg = Release|Any CPU
		{75A1CFE0-8538-4F82-89AD-8732EDDD6085}.Release|x86.Build.0 = Release|Any CPU
		{EC7EFCD0-03F1-4947-BF28-2F0B1E9DD3F8}.Debug|Any CPU.ActiveCfg = Debug|Win32
		{EC7EFCD0-03F1-4947-BF28-2F0B1E9DD3F8}.Debug|x64.ActiveCfg = Debug|x64
		{EC7EFCD0-03F1-4947-BF28-2F0B1E9DD3F8}.Debug|x64.Build.0 = Debug|x64
		{EC7EFCD0-03F1-4947-BF28-2F0B1E9DD3F8}.Debug|x86.ActiveCfg = Debug|Win32
		{EC7EFCD0-03F1-4947-BF28-2F0B1E9DD3F8}.Debug|x86.Build.0 = Debug|Win32
		{EC7EFCD0-03F1-4947-BF28-2F0B1E9DD3F8}.Release|Any CPU.ActiveCfg = Release|Win32
		{EC7EFCD0-03F1-4947-BF28-2F0B1E9DD3F8}.Release|x64.ActiveCfg = Release|x64
		{EC7EFCD0-03F1-4947-BF28-2F0B1E9DD3F8}.Release|x64.Build.0 = Release|x64
		{EC7EFCD0-03F1-4947-BF28-2F0B1E9DD3F8}.Release|x86.ActiveCfg = Release|Win32
		{EC7EFCD0-03F1-4947-BF28-2F0B1E9DD3F8}.Release|x86.Build.0 = Release|Win32
		{E3F83652-1882-4874-A244-85A3645A8E12}.Debug|Any CPU.ActiveCfg = Debug|Any CPU
		{E3F83652-1882-4874-A244-85A3645A8E12}.Debug|Any CPU.Build.0 = Debug|Any CPU
		{E3F83652-1882-4874-A244-85A3645A8E12}.Debug|x64.ActiveCfg = Debug|Any CPU
		{E3F83652-1882-4874-A244-85A3645A8E12}.Debug|x64.Build.0 = Debug|Any CPU
		{E3F83652-1882-4874-A244-85A3645A8E12}.Debug|x86.ActiveCfg = Debug|Any CPU
		{E3F83652-1882-4874-A244-85A3645A8E12}.Debug|x86.Build.0 = Debug|Any CPU
		{E3F83652-1882-4874-A244-85A3645A8E12}.Release|Any CPU.ActiveCfg = Release|Any CPU
		{E3F83652-1882-4874-A244-85A3645A8E12}.Release|Any CPU.Build.0 = Release|Any CPU
		{E3F83652-1882-4874-A244-85A3645A8E12}.Release|x64.ActiveCfg = Release|Any CPU
		{E3F83652-1882-4874-A244-85A3645A8E12}.Release|x64.Build.0 = Release|Any CPU
		{E3F83652-1882-4874-A244-85A3645A8E12}.Release|x86.ActiveCfg = Release|Any CPU
		{E3F83652-1882-4874-A244-85A3645A8E12}.Release|x86.Build.0 = Release|Any CPU
		{D964AEEA-6EB7-492B-B229-79BC3791CCEB}.Debug|Any CPU.ActiveCfg = Debug|Any CPU
		{D964AEEA-6EB7-492B-B229-79BC3791CCEB}.Debug|Any CPU.Build.0 = Debug|Any CPU
		{D964AEEA-6EB7-492B-B229-79BC3791CCEB}.Debug|x64.ActiveCfg = Debug|Any CPU
		{D964AEEA-6EB7-492B-B229-79BC3791CCEB}.Debug|x64.Build.0 = Debug|Any CPU
		{D964AEEA-6EB7-492B-B229-79BC3791CCEB}.Debug|x86.ActiveCfg = Debug|Any CPU
		{D964AEEA-6EB7-492B-B229-79BC3791CCEB}.Debug|x86.Build.0 = Debug|Any CPU
		{D964AEEA-6EB7-492B-B229-79BC3791CCEB}.Release|Any CPU.ActiveCfg = Release|Any CPU
		{D964AEEA-6EB7-492B-B229-79BC3791CCEB}.Release|Any CPU.Build.0 = Release|Any CPU
		{D964AEEA-6EB7-492B-B229-79BC3791CCEB}.Release|x64.ActiveCfg = Release|Any CPU
		{D964AEEA-6EB7-492B-B229-79BC3791CCEB}.Release|x64.Build.0 = Release|Any CPU
		{D964AEEA-6EB7-492B-B229-79BC3791CCEB}.Release|x86.ActiveCfg = Release|Any CPU
		{D964AEEA-6EB7-492B-B229-79BC3791CCEB}.Release|x86.Build.0 = Release|Any CPU
		{9FF68135-CA9A-42DC-90FB-8382F163A145}.Debug|Any CPU.ActiveCfg = Debug|Any CPU
		{9FF68135-CA9A-42DC-90FB-8382F163A145}.Debug|Any CPU.Build.0 = Debug|Any CPU
		{9FF68135-CA9A-42DC-90FB-8382F163A145}.Debug|x64.ActiveCfg = Debug|Any CPU
		{9FF68135-CA9A-42DC-90FB-8382F163A145}.Debug|x64.Build.0 = Debug|Any CPU
		{9FF68135-CA9A-42DC-90FB-8382F163A145}.Debug|x86.ActiveCfg = Debug|Any CPU
		{9FF68135-CA9A-42DC-90FB-8382F163A145}.Debug|x86.Build.0 = Debug|Any CPU
		{9FF68135-CA9A-42DC-90FB-8382F163A145}.Release|Any CPU.ActiveCfg = Release|Any CPU
		{9FF68135-CA9A-42DC-90FB-8382F163A145}.Release|Any CPU.Build.0 = Release|Any CPU
		{9FF68135-CA9A-42DC-90FB-8382F163A145}.Release|x64.ActiveCfg = Release|Any CPU
		{9FF68135-CA9A-42DC-90FB-8382F163A145}.Release|x64.Build.0 = Release|Any CPU
		{9FF68135-CA9A-42DC-90FB-8382F163A145}.Release|x86.ActiveCfg = Release|Any CPU
		{9FF68135-CA9A-42DC-90FB-8382F163A145}.Release|x86.Build.0 = Release|Any CPU
		{4C40BA5C-B155-4740-83D9-C46FDE5DD4C4}.Debug|Any CPU.ActiveCfg = Debug|Any CPU
		{4C40BA5C-B155-4740-83D9-C46FDE5DD4C4}.Debug|Any CPU.Build.0 = Debug|Any CPU
		{4C40BA5C-B155-4740-83D9-C46FDE5DD4C4}.Debug|x64.ActiveCfg = Debug|Any CPU
		{4C40BA5C-B155-4740-83D9-C46FDE5DD4C4}.Debug|x64.Build.0 = Debug|Any CPU
		{4C40BA5C-B155-4740-83D9-C46FDE5DD4C4}.Debug|x86.ActiveCfg = Debug|Any CPU
		{4C40BA5C-B155-4740-83D9-C46FDE5DD4C4}.Debug|x86.Build.0 = Debug|Any CPU
		{4C40BA5C-B155-4740-83D9-C46FDE5DD4C4}.Release|Any CPU.ActiveCfg = Release|Any CPU
		{4C40BA5C-B155-4740-83D9-C46FDE5DD4C4}.Release|Any CPU.Build.0 = Release|Any CPU
		{4C40BA5C-B155-4740-83D9-C46FDE5DD4C4}.Release|x64.ActiveCfg = Release|Any CPU
		{4C40BA5C-B155-4740-83D9-C46FDE5DD4C4}.Release|x64.Build.0 = Release|Any CPU
		{4C40BA5C-B155-4740-83D9-C46FDE5DD4C4}.Release|x86.ActiveCfg = Release|Any CPU
		{4C40BA5C-B155-4740-83D9-C46FDE5DD4C4}.Release|x86.Build.0 = Release|Any CPU
		{45236B4A-E3F3-47EF-8CD2-103F9184DA34}.Debug|Any CPU.ActiveCfg = Debug|Any CPU
		{45236B4A-E3F3-47EF-8CD2-103F9184DA34}.Debug|Any CPU.Build.0 = Debug|Any CPU
		{45236B4A-E3F3-47EF-8CD2-103F9184DA34}.Debug|x64.ActiveCfg = Debug|Any CPU
		{45236B4A-E3F3-47EF-8CD2-103F9184DA34}.Debug|x64.Build.0 = Debug|Any CPU
		{45236B4A-E3F3-47EF-8CD2-103F9184DA34}.Debug|x86.ActiveCfg = Debug|Any CPU
		{45236B4A-E3F3-47EF-8CD2-103F9184DA34}.Debug|x86.Build.0 = Debug|Any CPU
		{45236B4A-E3F3-47EF-8CD2-103F9184DA34}.Release|Any CPU.ActiveCfg = Release|Any CPU
		{45236B4A-E3F3-47EF-8CD2-103F9184DA34}.Release|Any CPU.Build.0 = Release|Any CPU
		{45236B4A-E3F3-47EF-8CD2-103F9184DA34}.Release|x64.ActiveCfg = Release|Any CPU
		{45236B4A-E3F3-47EF-8CD2-103F9184DA34}.Release|x64.Build.0 = Release|Any CPU
		{45236B4A-E3F3-47EF-8CD2-103F9184DA34}.Release|x86.ActiveCfg = Release|Any CPU
		{45236B4A-E3F3-47EF-8CD2-103F9184DA34}.Release|x86.Build.0 = Release|Any CPU
		{AC14B2F9-B72F-4602-BDE3-A874A3A459A7}.Debug|Any CPU.ActiveCfg = Debug|Any CPU
		{AC14B2F9-B72F-4602-BDE3-A874A3A459A7}.Debug|Any CPU.Build.0 = Debug|Any CPU
		{AC14B2F9-B72F-4602-BDE3-A874A3A459A7}.Debug|x64.ActiveCfg = Debug|Any CPU
		{AC14B2F9-B72F-4602-BDE3-A874A3A459A7}.Debug|x64.Build.0 = Debug|Any CPU
		{AC14B2F9-B72F-4602-BDE3-A874A3A459A7}.Debug|x86.ActiveCfg = Debug|Any CPU
		{AC14B2F9-B72F-4602-BDE3-A874A3A459A7}.Debug|x86.Build.0 = Debug|Any CPU
		{AC14B2F9-B72F-4602-BDE3-A874A3A459A7}.Release|Any CPU.ActiveCfg = Release|Any CPU
		{AC14B2F9-B72F-4602-BDE3-A874A3A459A7}.Release|Any CPU.Build.0 = Release|Any CPU
		{AC14B2F9-B72F-4602-BDE3-A874A3A459A7}.Release|x64.ActiveCfg = Release|Any CPU
		{AC14B2F9-B72F-4602-BDE3-A874A3A459A7}.Release|x64.Build.0 = Release|Any CPU
		{AC14B2F9-B72F-4602-BDE3-A874A3A459A7}.Release|x86.ActiveCfg = Release|Any CPU
		{AC14B2F9-B72F-4602-BDE3-A874A3A459A7}.Release|x86.Build.0 = Release|Any CPU
		{AFBE0026-223B-4C12-9A23-70464333022E}.Debug|Any CPU.ActiveCfg = Debug|Any CPU
		{AFBE0026-223B-4C12-9A23-70464333022E}.Debug|Any CPU.Build.0 = Debug|Any CPU
		{AFBE0026-223B-4C12-9A23-70464333022E}.Debug|x64.ActiveCfg = Debug|Any CPU
		{AFBE0026-223B-4C12-9A23-70464333022E}.Debug|x64.Build.0 = Debug|Any CPU
		{AFBE0026-223B-4C12-9A23-70464333022E}.Debug|x86.ActiveCfg = Debug|Any CPU
		{AFBE0026-223B-4C12-9A23-70464333022E}.Debug|x86.Build.0 = Debug|Any CPU
		{AFBE0026-223B-4C12-9A23-70464333022E}.Release|Any CPU.ActiveCfg = Release|Any CPU
		{AFBE0026-223B-4C12-9A23-70464333022E}.Release|Any CPU.Build.0 = Release|Any CPU
		{AFBE0026-223B-4C12-9A23-70464333022E}.Release|x64.ActiveCfg = Release|Any CPU
		{AFBE0026-223B-4C12-9A23-70464333022E}.Release|x64.Build.0 = Release|Any CPU
		{AFBE0026-223B-4C12-9A23-70464333022E}.Release|x86.ActiveCfg = Release|Any CPU
		{AFBE0026-223B-4C12-9A23-70464333022E}.Release|x86.Build.0 = Release|Any CPU
		{A2C2DA39-4851-49D6-84F7-592466CB487A}.Debug|Any CPU.ActiveCfg = Debug|Any CPU
		{A2C2DA39-4851-49D6-84F7-592466CB487A}.Debug|Any CPU.Build.0 = Debug|Any CPU
		{A2C2DA39-4851-49D6-84F7-592466CB487A}.Debug|x64.ActiveCfg = Debug|Any CPU
		{A2C2DA39-4851-49D6-84F7-592466CB487A}.Debug|x64.Build.0 = Debug|Any CPU
		{A2C2DA39-4851-49D6-84F7-592466CB487A}.Debug|x86.ActiveCfg = Debug|Any CPU
		{A2C2DA39-4851-49D6-84F7-592466CB487A}.Debug|x86.Build.0 = Debug|Any CPU
		{A2C2DA39-4851-49D6-84F7-592466CB487A}.Release|Any CPU.ActiveCfg = Release|Any CPU
		{A2C2DA39-4851-49D6-84F7-592466CB487A}.Release|Any CPU.Build.0 = Release|Any CPU
		{A2C2DA39-4851-49D6-84F7-592466CB487A}.Release|x64.ActiveCfg = Release|Any CPU
		{A2C2DA39-4851-49D6-84F7-592466CB487A}.Release|x64.Build.0 = Release|Any CPU
		{A2C2DA39-4851-49D6-84F7-592466CB487A}.Release|x86.ActiveCfg = Release|Any CPU
		{A2C2DA39-4851-49D6-84F7-592466CB487A}.Release|x86.Build.0 = Release|Any CPU
		{39258523-7752-4963-B411-5AFC6563A288}.Debug|Any CPU.ActiveCfg = Debug|Any CPU
		{39258523-7752-4963-B411-5AFC6563A288}.Debug|Any CPU.Build.0 = Debug|Any CPU
		{39258523-7752-4963-B411-5AFC6563A288}.Debug|x64.ActiveCfg = Debug|Any CPU
		{39258523-7752-4963-B411-5AFC6563A288}.Debug|x64.Build.0 = Debug|Any CPU
		{39258523-7752-4963-B411-5AFC6563A288}.Debug|x86.ActiveCfg = Debug|Any CPU
		{39258523-7752-4963-B411-5AFC6563A288}.Debug|x86.Build.0 = Debug|Any CPU
		{39258523-7752-4963-B411-5AFC6563A288}.Release|Any CPU.ActiveCfg = Release|Any CPU
		{39258523-7752-4963-B411-5AFC6563A288}.Release|Any CPU.Build.0 = Release|Any CPU
		{39258523-7752-4963-B411-5AFC6563A288}.Release|x64.ActiveCfg = Release|Any CPU
		{39258523-7752-4963-B411-5AFC6563A288}.Release|x64.Build.0 = Release|Any CPU
		{39258523-7752-4963-B411-5AFC6563A288}.Release|x86.ActiveCfg = Release|Any CPU
		{39258523-7752-4963-B411-5AFC6563A288}.Release|x86.Build.0 = Release|Any CPU
		{9EEC8AE9-6927-4C49-8CD5-16718F163B44}.Debug|Any CPU.ActiveCfg = Debug|Any CPU
		{9EEC8AE9-6927-4C49-8CD5-16718F163B44}.Debug|Any CPU.Build.0 = Debug|Any CPU
		{9EEC8AE9-6927-4C49-8CD5-16718F163B44}.Debug|x64.ActiveCfg = Debug|Any CPU
		{9EEC8AE9-6927-4C49-8CD5-16718F163B44}.Debug|x64.Build.0 = Debug|Any CPU
		{9EEC8AE9-6927-4C49-8CD5-16718F163B44}.Debug|x86.ActiveCfg = Debug|Any CPU
		{9EEC8AE9-6927-4C49-8CD5-16718F163B44}.Debug|x86.Build.0 = Debug|Any CPU
		{9EEC8AE9-6927-4C49-8CD5-16718F163B44}.Release|Any CPU.ActiveCfg = Release|Any CPU
		{9EEC8AE9-6927-4C49-8CD5-16718F163B44}.Release|Any CPU.Build.0 = Release|Any CPU
		{9EEC8AE9-6927-4C49-8CD5-16718F163B44}.Release|x64.ActiveCfg = Release|Any CPU
		{9EEC8AE9-6927-4C49-8CD5-16718F163B44}.Release|x64.Build.0 = Release|Any CPU
		{9EEC8AE9-6927-4C49-8CD5-16718F163B44}.Release|x86.ActiveCfg = Release|Any CPU
		{9EEC8AE9-6927-4C49-8CD5-16718F163B44}.Release|x86.Build.0 = Release|Any CPU
		{6BC2F057-9968-4792-8D7D-59BDE2D32F43}.Debug|Any CPU.ActiveCfg = Debug|Any CPU
		{6BC2F057-9968-4792-8D7D-59BDE2D32F43}.Debug|Any CPU.Build.0 = Debug|Any CPU
		{6BC2F057-9968-4792-8D7D-59BDE2D32F43}.Debug|x64.ActiveCfg = Debug|Any CPU
		{6BC2F057-9968-4792-8D7D-59BDE2D32F43}.Debug|x64.Build.0 = Debug|Any CPU
		{6BC2F057-9968-4792-8D7D-59BDE2D32F43}.Debug|x86.ActiveCfg = Debug|Any CPU
		{6BC2F057-9968-4792-8D7D-59BDE2D32F43}.Debug|x86.Build.0 = Debug|Any CPU
		{6BC2F057-9968-4792-8D7D-59BDE2D32F43}.Release|Any CPU.ActiveCfg = Release|Any CPU
		{6BC2F057-9968-4792-8D7D-59BDE2D32F43}.Release|Any CPU.Build.0 = Release|Any CPU
		{6BC2F057-9968-4792-8D7D-59BDE2D32F43}.Release|x64.ActiveCfg = Release|Any CPU
		{6BC2F057-9968-4792-8D7D-59BDE2D32F43}.Release|x64.Build.0 = Release|Any CPU
		{6BC2F057-9968-4792-8D7D-59BDE2D32F43}.Release|x86.ActiveCfg = Release|Any CPU
		{6BC2F057-9968-4792-8D7D-59BDE2D32F43}.Release|x86.Build.0 = Release|Any CPU
		{6C4DA122-8B72-4AA9-AA82-BE37C34C1FAA}.Debug|Any CPU.ActiveCfg = Debug|Any CPU
		{6C4DA122-8B72-4AA9-AA82-BE37C34C1FAA}.Debug|Any CPU.Build.0 = Debug|Any CPU
		{6C4DA122-8B72-4AA9-AA82-BE37C34C1FAA}.Debug|x64.ActiveCfg = Debug|Any CPU
		{6C4DA122-8B72-4AA9-AA82-BE37C34C1FAA}.Debug|x64.Build.0 = Debug|Any CPU
		{6C4DA122-8B72-4AA9-AA82-BE37C34C1FAA}.Debug|x86.ActiveCfg = Debug|Any CPU
		{6C4DA122-8B72-4AA9-AA82-BE37C34C1FAA}.Debug|x86.Build.0 = Debug|Any CPU
		{6C4DA122-8B72-4AA9-AA82-BE37C34C1FAA}.Release|Any CPU.ActiveCfg = Release|Any CPU
		{6C4DA122-8B72-4AA9-AA82-BE37C34C1FAA}.Release|Any CPU.Build.0 = Release|Any CPU
		{6C4DA122-8B72-4AA9-AA82-BE37C34C1FAA}.Release|x64.ActiveCfg = Release|Any CPU
		{6C4DA122-8B72-4AA9-AA82-BE37C34C1FAA}.Release|x64.Build.0 = Release|Any CPU
		{6C4DA122-8B72-4AA9-AA82-BE37C34C1FAA}.Release|x86.ActiveCfg = Release|Any CPU
		{6C4DA122-8B72-4AA9-AA82-BE37C34C1FAA}.Release|x86.Build.0 = Release|Any CPU
		{8C0ACB8A-B65A-4A72-8272-B179D927ED8B}.Debug|Any CPU.ActiveCfg = Debug|Any CPU
		{8C0ACB8A-B65A-4A72-8272-B179D927ED8B}.Debug|Any CPU.Build.0 = Debug|Any CPU
		{8C0ACB8A-B65A-4A72-8272-B179D927ED8B}.Debug|x64.ActiveCfg = Debug|Any CPU
		{8C0ACB8A-B65A-4A72-8272-B179D927ED8B}.Debug|x64.Build.0 = Debug|Any CPU
		{8C0ACB8A-B65A-4A72-8272-B179D927ED8B}.Debug|x86.ActiveCfg = Debug|Any CPU
		{8C0ACB8A-B65A-4A72-8272-B179D927ED8B}.Debug|x86.Build.0 = Debug|Any CPU
		{8C0ACB8A-B65A-4A72-8272-B179D927ED8B}.Release|Any CPU.ActiveCfg = Release|Any CPU
		{8C0ACB8A-B65A-4A72-8272-B179D927ED8B}.Release|Any CPU.Build.0 = Release|Any CPU
		{8C0ACB8A-B65A-4A72-8272-B179D927ED8B}.Release|x64.ActiveCfg = Release|Any CPU
		{8C0ACB8A-B65A-4A72-8272-B179D927ED8B}.Release|x64.Build.0 = Release|Any CPU
		{8C0ACB8A-B65A-4A72-8272-B179D927ED8B}.Release|x86.ActiveCfg = Release|Any CPU
		{8C0ACB8A-B65A-4A72-8272-B179D927ED8B}.Release|x86.Build.0 = Release|Any CPU
		{7403E082-4818-4CF6-B446-3C3C2A2C9C46}.Debug|Any CPU.ActiveCfg = Debug|Any CPU
		{7403E082-4818-4CF6-B446-3C3C2A2C9C46}.Debug|Any CPU.Build.0 = Debug|Any CPU
		{7403E082-4818-4CF6-B446-3C3C2A2C9C46}.Debug|x64.ActiveCfg = Debug|Any CPU
		{7403E082-4818-4CF6-B446-3C3C2A2C9C46}.Debug|x64.Build.0 = Debug|Any CPU
		{7403E082-4818-4CF6-B446-3C3C2A2C9C46}.Debug|x86.ActiveCfg = Debug|Any CPU
		{7403E082-4818-4CF6-B446-3C3C2A2C9C46}.Debug|x86.Build.0 = Debug|Any CPU
		{7403E082-4818-4CF6-B446-3C3C2A2C9C46}.Release|Any CPU.ActiveCfg = Release|Any CPU
		{7403E082-4818-4CF6-B446-3C3C2A2C9C46}.Release|Any CPU.Build.0 = Release|Any CPU
		{7403E082-4818-4CF6-B446-3C3C2A2C9C46}.Release|x64.ActiveCfg = Release|Any CPU
		{7403E082-4818-4CF6-B446-3C3C2A2C9C46}.Release|x64.Build.0 = Release|Any CPU
		{7403E082-4818-4CF6-B446-3C3C2A2C9C46}.Release|x86.ActiveCfg = Release|Any CPU
		{7403E082-4818-4CF6-B446-3C3C2A2C9C46}.Release|x86.Build.0 = Release|Any CPU
		{C58E6F50-4FB8-4286-9306-A31CE82587BE}.Debug|Any CPU.ActiveCfg = Debug|Any CPU
		{C58E6F50-4FB8-4286-9306-A31CE82587BE}.Debug|Any CPU.Build.0 = Debug|Any CPU
		{C58E6F50-4FB8-4286-9306-A31CE82587BE}.Debug|x64.ActiveCfg = Debug|Any CPU
		{C58E6F50-4FB8-4286-9306-A31CE82587BE}.Debug|x64.Build.0 = Debug|Any CPU
		{C58E6F50-4FB8-4286-9306-A31CE82587BE}.Debug|x86.ActiveCfg = Debug|Any CPU
		{C58E6F50-4FB8-4286-9306-A31CE82587BE}.Debug|x86.Build.0 = Debug|Any CPU
		{C58E6F50-4FB8-4286-9306-A31CE82587BE}.Release|Any CPU.ActiveCfg = Release|Any CPU
		{C58E6F50-4FB8-4286-9306-A31CE82587BE}.Release|Any CPU.Build.0 = Release|Any CPU
		{C58E6F50-4FB8-4286-9306-A31CE82587BE}.Release|x64.ActiveCfg = Release|Any CPU
		{C58E6F50-4FB8-4286-9306-A31CE82587BE}.Release|x64.Build.0 = Release|Any CPU
		{C58E6F50-4FB8-4286-9306-A31CE82587BE}.Release|x86.ActiveCfg = Release|Any CPU
		{C58E6F50-4FB8-4286-9306-A31CE82587BE}.Release|x86.Build.0 = Release|Any CPU
		{E97C7F9B-E373-4C0F-A96B-35145E87FDDD}.Debug|Any CPU.ActiveCfg = Debug|Any CPU
		{E97C7F9B-E373-4C0F-A96B-35145E87FDDD}.Debug|Any CPU.Build.0 = Debug|Any CPU
		{E97C7F9B-E373-4C0F-A96B-35145E87FDDD}.Debug|x64.ActiveCfg = Debug|Any CPU
		{E97C7F9B-E373-4C0F-A96B-35145E87FDDD}.Debug|x64.Build.0 = Debug|Any CPU
		{E97C7F9B-E373-4C0F-A96B-35145E87FDDD}.Debug|x86.ActiveCfg = Debug|Any CPU
		{E97C7F9B-E373-4C0F-A96B-35145E87FDDD}.Debug|x86.Build.0 = Debug|Any CPU
		{E97C7F9B-E373-4C0F-A96B-35145E87FDDD}.Release|Any CPU.ActiveCfg = Release|Any CPU
		{E97C7F9B-E373-4C0F-A96B-35145E87FDDD}.Release|Any CPU.Build.0 = Release|Any CPU
		{E97C7F9B-E373-4C0F-A96B-35145E87FDDD}.Release|x64.ActiveCfg = Release|Any CPU
		{E97C7F9B-E373-4C0F-A96B-35145E87FDDD}.Release|x64.Build.0 = Release|Any CPU
		{E97C7F9B-E373-4C0F-A96B-35145E87FDDD}.Release|x86.ActiveCfg = Release|Any CPU
		{E97C7F9B-E373-4C0F-A96B-35145E87FDDD}.Release|x86.Build.0 = Release|Any CPU
		{71728846-696A-434B-8DC5-52A32C63C7A6}.Debug|Any CPU.ActiveCfg = Debug|Any CPU
		{71728846-696A-434B-8DC5-52A32C63C7A6}.Debug|Any CPU.Build.0 = Debug|Any CPU
		{71728846-696A-434B-8DC5-52A32C63C7A6}.Debug|x64.ActiveCfg = Debug|Any CPU
		{71728846-696A-434B-8DC5-52A32C63C7A6}.Debug|x64.Build.0 = Debug|Any CPU
		{71728846-696A-434B-8DC5-52A32C63C7A6}.Debug|x86.ActiveCfg = Debug|Any CPU
		{71728846-696A-434B-8DC5-52A32C63C7A6}.Debug|x86.Build.0 = Debug|Any CPU
		{71728846-696A-434B-8DC5-52A32C63C7A6}.Release|Any CPU.ActiveCfg = Release|Any CPU
		{71728846-696A-434B-8DC5-52A32C63C7A6}.Release|Any CPU.Build.0 = Release|Any CPU
		{71728846-696A-434B-8DC5-52A32C63C7A6}.Release|x64.ActiveCfg = Release|Any CPU
		{71728846-696A-434B-8DC5-52A32C63C7A6}.Release|x64.Build.0 = Release|Any CPU
		{71728846-696A-434B-8DC5-52A32C63C7A6}.Release|x86.ActiveCfg = Release|Any CPU
		{71728846-696A-434B-8DC5-52A32C63C7A6}.Release|x86.Build.0 = Release|Any CPU
		{B9B23D25-6B90-4D2E-ACF3-9D178860D7BA}.Debug|Any CPU.ActiveCfg = Debug|Any CPU
		{B9B23D25-6B90-4D2E-ACF3-9D178860D7BA}.Debug|Any CPU.Build.0 = Debug|Any CPU
		{B9B23D25-6B90-4D2E-ACF3-9D178860D7BA}.Debug|x64.ActiveCfg = Debug|Any CPU
		{B9B23D25-6B90-4D2E-ACF3-9D178860D7BA}.Debug|x64.Build.0 = Debug|Any CPU
		{B9B23D25-6B90-4D2E-ACF3-9D178860D7BA}.Debug|x86.ActiveCfg = Debug|Any CPU
		{B9B23D25-6B90-4D2E-ACF3-9D178860D7BA}.Debug|x86.Build.0 = Debug|Any CPU
		{B9B23D25-6B90-4D2E-ACF3-9D178860D7BA}.Release|Any CPU.ActiveCfg = Release|Any CPU
		{B9B23D25-6B90-4D2E-ACF3-9D178860D7BA}.Release|Any CPU.Build.0 = Release|Any CPU
		{B9B23D25-6B90-4D2E-ACF3-9D178860D7BA}.Release|x64.ActiveCfg = Release|Any CPU
		{B9B23D25-6B90-4D2E-ACF3-9D178860D7BA}.Release|x64.Build.0 = Release|Any CPU
		{B9B23D25-6B90-4D2E-ACF3-9D178860D7BA}.Release|x86.ActiveCfg = Release|Any CPU
		{B9B23D25-6B90-4D2E-ACF3-9D178860D7BA}.Release|x86.Build.0 = Release|Any CPU
		{A31A3121-9E2B-480E-B21F-888144735CDA}.Debug|Any CPU.ActiveCfg = Debug|Any CPU
		{A31A3121-9E2B-480E-B21F-888144735CDA}.Debug|Any CPU.Build.0 = Debug|Any CPU
		{A31A3121-9E2B-480E-B21F-888144735CDA}.Debug|x64.ActiveCfg = Debug|Any CPU
		{A31A3121-9E2B-480E-B21F-888144735CDA}.Debug|x64.Build.0 = Debug|Any CPU
		{A31A3121-9E2B-480E-B21F-888144735CDA}.Debug|x86.ActiveCfg = Debug|Any CPU
		{A31A3121-9E2B-480E-B21F-888144735CDA}.Debug|x86.Build.0 = Debug|Any CPU
		{A31A3121-9E2B-480E-B21F-888144735CDA}.Release|Any CPU.ActiveCfg = Release|Any CPU
		{A31A3121-9E2B-480E-B21F-888144735CDA}.Release|Any CPU.Build.0 = Release|Any CPU
		{A31A3121-9E2B-480E-B21F-888144735CDA}.Release|x64.ActiveCfg = Release|Any CPU
		{A31A3121-9E2B-480E-B21F-888144735CDA}.Release|x64.Build.0 = Release|Any CPU
		{A31A3121-9E2B-480E-B21F-888144735CDA}.Release|x86.ActiveCfg = Release|Any CPU
		{A31A3121-9E2B-480E-B21F-888144735CDA}.Release|x86.Build.0 = Release|Any CPU
	EndGlobalSection
	GlobalSection(SolutionProperties) = preSolution
		HideSolutionNode = FALSE
	EndGlobalSection
	GlobalSection(ExtensibilityGlobals) = postSolution
		SolutionGuid = {5E3232C3-9A20-4BD6-9022-200E4ABAFE4E}
	EndGlobalSection
EndGlobal
