
Microsoft Visual Studio Solution File, Format Version 12.00
# Visual Studio Version 16
VisualStudioVersion = 16.0.29215.179
MinimumVisualStudioVersion = 10.0.40219.1
Project("{FAE04EC0-301F-11D3-BF4B-00C04F79EFBC}") = "ImageProcessing", "ImageProcessing\ImageProcessing.csproj", "{7075B88E-BB93-44F5-863F-7DED17DFEF79}"
EndProject
Project("{FAE04EC0-301F-11D3-BF4B-00C04F79EFBC}") = "Monitoring", "Monitoring\Monitoring.csproj", "{75A1CFE0-8538-4F82-89AD-8732EDDD6085}"
EndProject
Project("{8BC9CEB8-8B4A-11D0-8D11-00A0C91BC942}") = "PROG01", "PROG01\PROG01.vcxproj", "{EC7EFCD0-03F1-4947-BF28-2F0B1E9DD3F8}"
EndProject
Project("{FAE04EC0-301F-11D3-BF4B-00C04F79EFBC}") = "SystemInformation", "UniqueID\SystemInformation.csproj", "{E3F83652-1882-4874-A244-85A3645A8E12}"
EndProject
Project("{FAE04EC0-301F-11D3-BF4B-00C04F79EFBC}") = "Calculator", "Calculator\Calculator.csproj", "{5401E0F4-03D4-4FDB-B5D8-E34876D41742}"
EndProject
Project("{FAE04EC0-301F-11D3-BF4B-00C04F79EFBC}") = "Font", "Font\Font.csproj", "{D964AEEA-6EB7-492B-B229-79BC3791CCEB}"
EndProject
Project("{FAE04EC0-301F-11D3-BF4B-00C04F79EFBC}") = "Malware", "Malware\Malware.csproj", "{E504D5FA-02C2-4F4B-9FF2-863729BA28EB}"
EndProject
Project("{FAE04EC0-301F-11D3-BF4B-00C04F79EFBC}") = "Aggregate", "Aggregate\Aggregate.csproj", "{829262F3-8E99-480F-9181-29E546C63826}"
EndProject
Project("{FAE04EC0-301F-11D3-BF4B-00C04F79EFBC}") = "Category", "Category\Category.csproj", "{1C3FA20E-F5B5-44A1-8740-DEF640B81306}"
EndProject
Project("{FAE04EC0-301F-11D3-BF4B-00C04F79EFBC}") = "Test", "Test\Test.csproj", "{9FF68135-CA9A-42DC-90FB-8382F163A145}"
EndProject
Project("{FAE04EC0-301F-11D3-BF4B-00C04F79EFBC}") = "Tree", "Tree\Tree.csproj", "{4C40BA5C-B155-4740-83D9-C46FDE5DD4C4}"
EndProject
Project("{9A19103F-16F7-4668-BE54-9A1E7A4F7556}") = "palindrome", "palindrome\palindrome.csproj", "{3F2723C1-5916-44EF-B4EE-ED6D31305AF4}"
EndProject
Project("{FAE04EC0-301F-11D3-BF4B-00C04F79EFBC}") = "UseDLL", "UseDLL\UseDLL.csproj", "{45236B4A-E3F3-47EF-8CD2-103F9184DA34}"
EndProject
Project("{FAE04EC0-301F-11D3-BF4B-00C04F79EFBC}") = "DllTest1", "DllTest1\DllTest1.csproj", "{AC14B2F9-B72F-4602-BDE3-A874A3A459A7}"
EndProject
Project("{FAE04EC0-301F-11D3-BF4B-00C04F79EFBC}") = "BFS", "BFS\BFS.csproj", "{555B49B9-258A-4B19-B6F6-D01D1CB597BE}"
EndProject
Project("{FAE04EC0-301F-11D3-BF4B-00C04F79EFBC}") = "DFS", "DFS\DFS.csproj", "{F02E263A-9DD6-4F57-BD37-C61A092DCEC8}"
EndProject
Project("{FAE04EC0-301F-11D3-BF4B-00C04F79EFBC}") = "StringCompress", "StringCompress\StringCompress.csproj", "{DFD8A92C-AE7F-4714-92BF-8D67959A08E5}"
EndProject
Project("{FAE04EC0-301F-11D3-BF4B-00C04F79EFBC}") = "TelList", "TelList\TelList.csproj", "{BA4F92FF-51AA-438D-8212-E090B25608E8}"
EndProject
Project("{FAE04EC0-301F-11D3-BF4B-00C04F79EFBC}") = "Disguise", "Disguise\Disguise.csproj", "{0FD65A02-89D8-4E98-B5B1-CF5D9794FE1B}"
EndProject
Project("{FAE04EC0-301F-11D3-BF4B-00C04F79EFBC}") = "BestSongs", "BestSongs\BestSongs.csproj", "{B42E2B10-0EC8-4953-AB5F-B9F2DDD48856}"
EndProject
Project("{FAE04EC0-301F-11D3-BF4B-00C04F79EFBC}") = "BridgeTruck", "BridgeTruck\BridgeTruck.csproj", "{63FDFAEE-3BEB-400D-BF76-B5598706E8F4}"
EndProject
Project("{FAE04EC0-301F-11D3-BF4B-00C04F79EFBC}") = "Stick", "Top\Stick.csproj", "{6272EE87-1988-460A-AE03-93F421D8F860}"
EndProject
Project("{FAE04EC0-301F-11D3-BF4B-00C04F79EFBC}") = "MaxNumber", "MaxNumber\MaxNumber.csproj", "{4CCCA061-966D-4F14-A253-958A7CD6A5AE}"
EndProject
Project("{FAE04EC0-301F-11D3-BF4B-00C04F79EFBC}") = "FindPrimeNumber", "FindPrimeNumber\FindPrimeNumber.csproj", "{FF9095C3-CDF2-4566-B05B-0CF62F8FB8F5}"
EndProject
Project("{FAE04EC0-301F-11D3-BF4B-00C04F79EFBC}") = "permutation", "permutation\permutation.csproj", "{C2460656-56F2-471D-B7D0-FFDF40C38A4C}"
EndProject
Project("{FAE04EC0-301F-11D3-BF4B-00C04F79EFBC}") = "Baseball", "Baseball\Baseball.csproj", "{13DE009D-9ACE-4A1C-A671-37267D8248FD}"
EndProject
Project("{FAE04EC0-301F-11D3-BF4B-00C04F79EFBC}") = "Network", "Network\Network.csproj", "{D21DACAD-9F0F-483B-8FC0-33946929D0E9}"
EndProject
Project("{FAE04EC0-301F-11D3-BF4B-00C04F79EFBC}") = "WordChange", "WordChange\WordChange.csproj", "{D9EDE207-15AA-4744-A5D8-5516F1C1653F}"
EndProject
Project("{FAE04EC0-301F-11D3-BF4B-00C04F79EFBC}") = "TravelPath", "TravelPath\TravelPath.csproj", "{FA1874B9-F99B-46A3-BE93-D0890A79BB94}"
EndProject
Project("{FAE04EC0-301F-11D3-BF4B-00C04F79EFBC}") = "PriorityQueue", "PriorityQueue\PriorityQueue.csproj", "{AFBE0026-223B-4C12-9A23-70464333022E}"
EndProject
Project("{FAE04EC0-301F-11D3-BF4B-00C04F79EFBC}") = "DiskController", "DiskController\DiskController.csproj", "{260078FB-6629-4E0A-8146-183E38196EA2}"
EndProject
Project("{FAE04EC0-301F-11D3-BF4B-00C04F79EFBC}") = "PriorityQueues", "PriorityQueues\PriorityQueues.csproj", "{A2C2DA39-4851-49D6-84F7-592466CB487A}"
EndProject
Project("{FAE04EC0-301F-11D3-BF4B-00C04F79EFBC}") = "ClassCompare", "ClassCompare\ClassCompare.csproj", "{39258523-7752-4963-B411-5AFC6563A288}"
EndProject
Project("{FAE04EC0-301F-11D3-BF4B-00C04F79EFBC}") = "Immigration", "Immigration\Immigration.csproj", "{7BBEB94E-65BC-4797-B833-91A7CE03C13B}"
EndProject
Project("{FAE04EC0-301F-11D3-BF4B-00C04F79EFBC}") = "Budget", "Budget\Budget.csproj", "{758DB8F1-2248-46AD-967B-0D5DF79FCEA8}"
EndProject
Project("{FAE04EC0-301F-11D3-BF4B-00C04F79EFBC}") = "MakeBigNumber", "MakeBigNumber\MakeBigNumber.csproj", "{B55C4775-08F3-4F5B-AD5F-F18867AA54A8}"
EndProject
Project("{FAE04EC0-301F-11D3-BF4B-00C04F79EFBC}") = "IslandConnect", "IslandConnect\IslandConnect.csproj", "{7179A9E7-ADEE-498F-911A-379A6D2E3FB9}"
EndProject
Project("{FAE04EC0-301F-11D3-BF4B-00C04F79EFBC}") = "FarNode", "FarNode\FarNode.csproj", "{69364437-2133-4B7A-894C-28C1EDF6A495}"
EndProject
Project("{FAE04EC0-301F-11D3-BF4B-00C04F79EFBC}") = "boxingRank", "boxingRank\boxingRank.csproj", "{DA6ED3E0-428C-40E1-88D3-633356B1D937}"
EndProject
Project("{FAE04EC0-301F-11D3-BF4B-00C04F79EFBC}") = "Chess", "Chess\Chess.csproj", "{B0D81863-9A60-4AFB-8C55-BCBF35FFE904}"
EndProject
Global
	GlobalSection(SolutionConfigurationPlatforms) = preSolution
		Debug|Any CPU = Debug|Any CPU
		Debug|x64 = Debug|x64
		Debug|x86 = Debug|x86
		Release|Any CPU = Release|Any CPU
		Release|x64 = Release|x64
		Release|x86 = Release|x86
	EndGlobalSection
	GlobalSection(ProjectConfigurationPlatforms) = postSolution
		{7075B88E-BB93-44F5-863F-7DED17DFEF79}.Debug|Any CPU.ActiveCfg = Debug|Any CPU
		{7075B88E-BB93-44F5-863F-7DED17DFEF79}.Debug|Any CPU.Build.0 = Debug|Any CPU
		{7075B88E-BB93-44F5-863F-7DED17DFEF79}.Debug|x64.ActiveCfg = Debug|Any CPU
		{7075B88E-BB93-44F5-863F-7DED17DFEF79}.Debug|x64.Build.0 = Debug|Any CPU
		{7075B88E-BB93-44F5-863F-7DED17DFEF79}.Debug|x86.ActiveCfg = Debug|Any CPU
		{7075B88E-BB93-44F5-863F-7DED17DFEF79}.Debug|x86.Build.0 = Debug|Any CPU
		{7075B88E-BB93-44F5-863F-7DED17DFEF79}.Release|Any CPU.ActiveCfg = Release|Any CPU
		{7075B88E-BB93-44F5-863F-7DED17DFEF79}.Release|Any CPU.Build.0 = Release|Any CPU
		{7075B88E-BB93-44F5-863F-7DED17DFEF79}.Release|x64.ActiveCfg = Release|Any CPU
		{7075B88E-BB93-44F5-863F-7DED17DFEF79}.Release|x64.Build.0 = Release|Any CPU
		{7075B88E-BB93-44F5-863F-7DED17DFEF79}.Release|x86.ActiveCfg = Release|Any CPU
		{7075B88E-BB93-44F5-863F-7DED17DFEF79}.Release|x86.Build.0 = Release|Any CPU
		{75A1CFE0-8538-4F82-89AD-8732EDDD6085}.Debug|Any CPU.ActiveCfg = Debug|Any CPU
		{75A1CFE0-8538-4F82-89AD-8732EDDD6085}.Debug|Any CPU.Build.0 = Debug|Any CPU
		{75A1CFE0-8538-4F82-89AD-8732EDDD6085}.Debug|x64.ActiveCfg = Debug|Any CPU
		{75A1CFE0-8538-4F82-89AD-8732EDDD6085}.Debug|x64.Build.0 = Debug|Any CPU
		{75A1CFE0-8538-4F82-89AD-8732EDDD6085}.Debug|x86.ActiveCfg = Debug|Any CPU
		{75A1CFE0-8538-4F82-89AD-8732EDDD6085}.Debug|x86.Build.0 = Debug|Any CPU
		{75A1CFE0-8538-4F82-89AD-8732EDDD6085}.Release|Any CPU.ActiveCfg = Release|Any CPU
		{75A1CFE0-8538-4F82-89AD-8732EDDD6085}.Release|Any CPU.Build.0 = Release|Any CPU
		{75A1CFE0-8538-4F82-89AD-8732EDDD6085}.Release|x64.ActiveCfg = Release|Any CPU
		{75A1CFE0-8538-4F82-89AD-8732EDDD6085}.Release|x64.Build.0 = Release|Any CPU
		{75A1CFE0-8538-4F82-89AD-8732EDDD6085}.Release|x86.ActiveCfg = Release|Any CPU
		{75A1CFE0-8538-4F82-89AD-8732EDDD6085}.Release|x86.Build.0 = Release|Any CPU
		{EC7EFCD0-03F1-4947-BF28-2F0B1E9DD3F8}.Debug|Any CPU.ActiveCfg = Debug|Win32
		{EC7EFCD0-03F1-4947-BF28-2F0B1E9DD3F8}.Debug|x64.ActiveCfg = Debug|x64
		{EC7EFCD0-03F1-4947-BF28-2F0B1E9DD3F8}.Debug|x64.Build.0 = Debug|x64
		{EC7EFCD0-03F1-4947-BF28-2F0B1E9DD3F8}.Debug|x86.ActiveCfg = Debug|Win32
		{EC7EFCD0-03F1-4947-BF28-2F0B1E9DD3F8}.Debug|x86.Build.0 = Debug|Win32
		{EC7EFCD0-03F1-4947-BF28-2F0B1E9DD3F8}.Release|Any CPU.ActiveCfg = Release|Win32
		{EC7EFCD0-03F1-4947-BF28-2F0B1E9DD3F8}.Release|x64.ActiveCfg = Release|x64
		{EC7EFCD0-03F1-4947-BF28-2F0B1E9DD3F8}.Release|x64.Build.0 = Release|x64
		{EC7EFCD0-03F1-4947-BF28-2F0B1E9DD3F8}.Release|x86.ActiveCfg = Release|Win32
		{EC7EFCD0-03F1-4947-BF28-2F0B1E9DD3F8}.Release|x86.Build.0 = Release|Win32
		{E3F83652-1882-4874-A244-85A3645A8E12}.Debug|Any CPU.ActiveCfg = Debug|Any CPU
		{E3F83652-1882-4874-A244-85A3645A8E12}.Debug|Any CPU.Build.0 = Debug|Any CPU
		{E3F83652-1882-4874-A244-85A3645A8E12}.Debug|x64.ActiveCfg = Debug|Any CPU
		{E3F83652-1882-4874-A244-85A3645A8E12}.Debug|x64.Build.0 = Debug|Any CPU
		{E3F83652-1882-4874-A244-85A3645A8E12}.Debug|x86.ActiveCfg = Debug|Any CPU
		{E3F83652-1882-4874-A244-85A3645A8E12}.Debug|x86.Build.0 = Debug|Any CPU
		{E3F83652-1882-4874-A244-85A3645A8E12}.Release|Any CPU.ActiveCfg = Release|Any CPU
		{E3F83652-1882-4874-A244-85A3645A8E12}.Release|Any CPU.Build.0 = Release|Any CPU
		{E3F83652-1882-4874-A244-85A3645A8E12}.Release|x64.ActiveCfg = Release|Any CPU
		{E3F83652-1882-4874-A244-85A3645A8E12}.Release|x64.Build.0 = Release|Any CPU
		{E3F83652-1882-4874-A244-85A3645A8E12}.Release|x86.ActiveCfg = Release|Any CPU
		{E3F83652-1882-4874-A244-85A3645A8E12}.Release|x86.Build.0 = Release|Any CPU
		{5401E0F4-03D4-4FDB-B5D8-E34876D41742}.Debug|Any CPU.ActiveCfg = Debug|Any CPU
		{5401E0F4-03D4-4FDB-B5D8-E34876D41742}.Debug|Any CPU.Build.0 = Debug|Any CPU
		{5401E0F4-03D4-4FDB-B5D8-E34876D41742}.Debug|x64.ActiveCfg = Debug|Any CPU
		{5401E0F4-03D4-4FDB-B5D8-E34876D41742}.Debug|x64.Build.0 = Debug|Any CPU
		{5401E0F4-03D4-4FDB-B5D8-E34876D41742}.Debug|x86.ActiveCfg = Debug|Any CPU
		{5401E0F4-03D4-4FDB-B5D8-E34876D41742}.Debug|x86.Build.0 = Debug|Any CPU
		{5401E0F4-03D4-4FDB-B5D8-E34876D41742}.Release|Any CPU.ActiveCfg = Release|Any CPU
		{5401E0F4-03D4-4FDB-B5D8-E34876D41742}.Release|Any CPU.Build.0 = Release|Any CPU
		{5401E0F4-03D4-4FDB-B5D8-E34876D41742}.Release|x64.ActiveCfg = Release|Any CPU
		{5401E0F4-03D4-4FDB-B5D8-E34876D41742}.Release|x64.Build.0 = Release|Any CPU
		{5401E0F4-03D4-4FDB-B5D8-E34876D41742}.Release|x86.ActiveCfg = Release|Any CPU
		{5401E0F4-03D4-4FDB-B5D8-E34876D41742}.Release|x86.Build.0 = Release|Any CPU
		{D964AEEA-6EB7-492B-B229-79BC3791CCEB}.Debug|Any CPU.ActiveCfg = Debug|Any CPU
		{D964AEEA-6EB7-492B-B229-79BC3791CCEB}.Debug|Any CPU.Build.0 = Debug|Any CPU
		{D964AEEA-6EB7-492B-B229-79BC3791CCEB}.Debug|x64.ActiveCfg = Debug|Any CPU
		{D964AEEA-6EB7-492B-B229-79BC3791CCEB}.Debug|x64.Build.0 = Debug|Any CPU
		{D964AEEA-6EB7-492B-B229-79BC3791CCEB}.Debug|x86.ActiveCfg = Debug|Any CPU
		{D964AEEA-6EB7-492B-B229-79BC3791CCEB}.Debug|x86.Build.0 = Debug|Any CPU
		{D964AEEA-6EB7-492B-B229-79BC3791CCEB}.Release|Any CPU.ActiveCfg = Release|Any CPU
		{D964AEEA-6EB7-492B-B229-79BC3791CCEB}.Release|Any CPU.Build.0 = Release|Any CPU
		{D964AEEA-6EB7-492B-B229-79BC3791CCEB}.Release|x64.ActiveCfg = Release|Any CPU
		{D964AEEA-6EB7-492B-B229-79BC3791CCEB}.Release|x64.Build.0 = Release|Any CPU
		{D964AEEA-6EB7-492B-B229-79BC3791CCEB}.Release|x86.ActiveCfg = Release|Any CPU
		{D964AEEA-6EB7-492B-B229-79BC3791CCEB}.Release|x86.Build.0 = Release|Any CPU
		{E504D5FA-02C2-4F4B-9FF2-863729BA28EB}.Debug|Any CPU.ActiveCfg = Debug|Any CPU
		{E504D5FA-02C2-4F4B-9FF2-863729BA28EB}.Debug|Any CPU.Build.0 = Debug|Any CPU
		{E504D5FA-02C2-4F4B-9FF2-863729BA28EB}.Debug|x64.ActiveCfg = Debug|Any CPU
		{E504D5FA-02C2-4F4B-9FF2-863729BA28EB}.Debug|x64.Build.0 = Debug|Any CPU
		{E504D5FA-02C2-4F4B-9FF2-863729BA28EB}.Debug|x86.ActiveCfg = Debug|Any CPU
		{E504D5FA-02C2-4F4B-9FF2-863729BA28EB}.Debug|x86.Build.0 = Debug|Any CPU
		{E504D5FA-02C2-4F4B-9FF2-863729BA28EB}.Release|Any CPU.ActiveCfg = Release|Any CPU
		{E504D5FA-02C2-4F4B-9FF2-863729BA28EB}.Release|Any CPU.Build.0 = Release|Any CPU
		{E504D5FA-02C2-4F4B-9FF2-863729BA28EB}.Release|x64.ActiveCfg = Release|Any CPU
		{E504D5FA-02C2-4F4B-9FF2-863729BA28EB}.Release|x64.Build.0 = Release|Any CPU
		{E504D5FA-02C2-4F4B-9FF2-863729BA28EB}.Release|x86.ActiveCfg = Release|Any CPU
		{E504D5FA-02C2-4F4B-9FF2-863729BA28EB}.Release|x86.Build.0 = Release|Any CPU
		{829262F3-8E99-480F-9181-29E546C63826}.Debug|Any CPU.ActiveCfg = Debug|Any CPU
		{829262F3-8E99-480F-9181-29E546C63826}.Debug|Any CPU.Build.0 = Debug|Any CPU
		{829262F3-8E99-480F-9181-29E546C63826}.Debug|x64.ActiveCfg = Debug|Any CPU
		{829262F3-8E99-480F-9181-29E546C63826}.Debug|x64.Build.0 = Debug|Any CPU
		{829262F3-8E99-480F-9181-29E546C63826}.Debug|x86.ActiveCfg = Debug|Any CPU
		{829262F3-8E99-480F-9181-29E546C63826}.Debug|x86.Build.0 = Debug|Any CPU
		{829262F3-8E99-480F-9181-29E546C63826}.Release|Any CPU.ActiveCfg = Release|Any CPU
		{829262F3-8E99-480F-9181-29E546C63826}.Release|Any CPU.Build.0 = Release|Any CPU
		{829262F3-8E99-480F-9181-29E546C63826}.Release|x64.ActiveCfg = Release|Any CPU
		{829262F3-8E99-480F-9181-29E546C63826}.Release|x64.Build.0 = Release|Any CPU
		{829262F3-8E99-480F-9181-29E546C63826}.Release|x86.ActiveCfg = Release|Any CPU
		{829262F3-8E99-480F-9181-29E546C63826}.Release|x86.Build.0 = Release|Any CPU
		{1C3FA20E-F5B5-44A1-8740-DEF640B81306}.Debug|Any CPU.ActiveCfg = Debug|Any CPU
		{1C3FA20E-F5B5-44A1-8740-DEF640B81306}.Debug|Any CPU.Build.0 = Debug|Any CPU
		{1C3FA20E-F5B5-44A1-8740-DEF640B81306}.Debug|x64.ActiveCfg = Debug|Any CPU
		{1C3FA20E-F5B5-44A1-8740-DEF640B81306}.Debug|x64.Build.0 = Debug|Any CPU
		{1C3FA20E-F5B5-44A1-8740-DEF640B81306}.Debug|x86.ActiveCfg = Debug|Any CPU
		{1C3FA20E-F5B5-44A1-8740-DEF640B81306}.Debug|x86.Build.0 = Debug|Any CPU
		{1C3FA20E-F5B5-44A1-8740-DEF640B81306}.Release|Any CPU.ActiveCfg = Release|Any CPU
		{1C3FA20E-F5B5-44A1-8740-DEF640B81306}.Release|Any CPU.Build.0 = Release|Any CPU
		{1C3FA20E-F5B5-44A1-8740-DEF640B81306}.Release|x64.ActiveCfg = Release|Any CPU
		{1C3FA20E-F5B5-44A1-8740-DEF640B81306}.Release|x64.Build.0 = Release|Any CPU
		{1C3FA20E-F5B5-44A1-8740-DEF640B81306}.Release|x86.ActiveCfg = Release|Any CPU
		{1C3FA20E-F5B5-44A1-8740-DEF640B81306}.Release|x86.Build.0 = Release|Any CPU
		{9FF68135-CA9A-42DC-90FB-8382F163A145}.Debug|Any CPU.ActiveCfg = Debug|Any CPU
		{9FF68135-CA9A-42DC-90FB-8382F163A145}.Debug|Any CPU.Build.0 = Debug|Any CPU
		{9FF68135-CA9A-42DC-90FB-8382F163A145}.Debug|x64.ActiveCfg = Debug|Any CPU
		{9FF68135-CA9A-42DC-90FB-8382F163A145}.Debug|x64.Build.0 = Debug|Any CPU
		{9FF68135-CA9A-42DC-90FB-8382F163A145}.Debug|x86.ActiveCfg = Debug|Any CPU
		{9FF68135-CA9A-42DC-90FB-8382F163A145}.Debug|x86.Build.0 = Debug|Any CPU
		{9FF68135-CA9A-42DC-90FB-8382F163A145}.Release|Any CPU.ActiveCfg = Release|Any CPU
		{9FF68135-CA9A-42DC-90FB-8382F163A145}.Release|Any CPU.Build.0 = Release|Any CPU
		{9FF68135-CA9A-42DC-90FB-8382F163A145}.Release|x64.ActiveCfg = Release|Any CPU
		{9FF68135-CA9A-42DC-90FB-8382F163A145}.Release|x64.Build.0 = Release|Any CPU
		{9FF68135-CA9A-42DC-90FB-8382F163A145}.Release|x86.ActiveCfg = Release|Any CPU
		{9FF68135-CA9A-42DC-90FB-8382F163A145}.Release|x86.Build.0 = Release|Any CPU
		{4C40BA5C-B155-4740-83D9-C46FDE5DD4C4}.Debug|Any CPU.ActiveCfg = Debug|Any CPU
		{4C40BA5C-B155-4740-83D9-C46FDE5DD4C4}.Debug|Any CPU.Build.0 = Debug|Any CPU
		{4C40BA5C-B155-4740-83D9-C46FDE5DD4C4}.Debug|x64.ActiveCfg = Debug|Any CPU
		{4C40BA5C-B155-4740-83D9-C46FDE5DD4C4}.Debug|x64.Build.0 = Debug|Any CPU
		{4C40BA5C-B155-4740-83D9-C46FDE5DD4C4}.Debug|x86.ActiveCfg = Debug|Any CPU
		{4C40BA5C-B155-4740-83D9-C46FDE5DD4C4}.Debug|x86.Build.0 = Debug|Any CPU
		{4C40BA5C-B155-4740-83D9-C46FDE5DD4C4}.Release|Any CPU.ActiveCfg = Release|Any CPU
		{4C40BA5C-B155-4740-83D9-C46FDE5DD4C4}.Release|Any CPU.Build.0 = Release|Any CPU
		{4C40BA5C-B155-4740-83D9-C46FDE5DD4C4}.Release|x64.ActiveCfg = Release|Any CPU
		{4C40BA5C-B155-4740-83D9-C46FDE5DD4C4}.Release|x64.Build.0 = Release|Any CPU
		{4C40BA5C-B155-4740-83D9-C46FDE5DD4C4}.Release|x86.ActiveCfg = Release|Any CPU
		{4C40BA5C-B155-4740-83D9-C46FDE5DD4C4}.Release|x86.Build.0 = Release|Any CPU
		{3F2723C1-5916-44EF-B4EE-ED6D31305AF4}.Debug|Any CPU.ActiveCfg = Debug|Any CPU
		{3F2723C1-5916-44EF-B4EE-ED6D31305AF4}.Debug|Any CPU.Build.0 = Debug|Any CPU
		{3F2723C1-5916-44EF-B4EE-ED6D31305AF4}.Debug|x64.ActiveCfg = Debug|Any CPU
		{3F2723C1-5916-44EF-B4EE-ED6D31305AF4}.Debug|x64.Build.0 = Debug|Any CPU
		{3F2723C1-5916-44EF-B4EE-ED6D31305AF4}.Debug|x86.ActiveCfg = Debug|Any CPU
		{3F2723C1-5916-44EF-B4EE-ED6D31305AF4}.Debug|x86.Build.0 = Debug|Any CPU
		{3F2723C1-5916-44EF-B4EE-ED6D31305AF4}.Release|Any CPU.ActiveCfg = Release|Any CPU
		{3F2723C1-5916-44EF-B4EE-ED6D31305AF4}.Release|Any CPU.Build.0 = Release|Any CPU
		{3F2723C1-5916-44EF-B4EE-ED6D31305AF4}.Release|x64.ActiveCfg = Release|Any CPU
		{3F2723C1-5916-44EF-B4EE-ED6D31305AF4}.Release|x64.Build.0 = Release|Any CPU
		{3F2723C1-5916-44EF-B4EE-ED6D31305AF4}.Release|x86.ActiveCfg = Release|Any CPU
		{3F2723C1-5916-44EF-B4EE-ED6D31305AF4}.Release|x86.Build.0 = Release|Any CPU
		{45236B4A-E3F3-47EF-8CD2-103F9184DA34}.Debug|Any CPU.ActiveCfg = Debug|Any CPU
		{45236B4A-E3F3-47EF-8CD2-103F9184DA34}.Debug|Any CPU.Build.0 = Debug|Any CPU
		{45236B4A-E3F3-47EF-8CD2-103F9184DA34}.Debug|x64.ActiveCfg = Debug|Any CPU
		{45236B4A-E3F3-47EF-8CD2-103F9184DA34}.Debug|x64.Build.0 = Debug|Any CPU
		{45236B4A-E3F3-47EF-8CD2-103F9184DA34}.Debug|x86.ActiveCfg = Debug|Any CPU
		{45236B4A-E3F3-47EF-8CD2-103F9184DA34}.Debug|x86.Build.0 = Debug|Any CPU
		{45236B4A-E3F3-47EF-8CD2-103F9184DA34}.Release|Any CPU.ActiveCfg = Release|Any CPU
		{45236B4A-E3F3-47EF-8CD2-103F9184DA34}.Release|Any CPU.Build.0 = Release|Any CPU
		{45236B4A-E3F3-47EF-8CD2-103F9184DA34}.Release|x64.ActiveCfg = Release|Any CPU
		{45236B4A-E3F3-47EF-8CD2-103F9184DA34}.Release|x64.Build.0 = Release|Any CPU
		{45236B4A-E3F3-47EF-8CD2-103F9184DA34}.Release|x86.ActiveCfg = Release|Any CPU
		{45236B4A-E3F3-47EF-8CD2-103F9184DA34}.Release|x86.Build.0 = Release|Any CPU
		{AC14B2F9-B72F-4602-BDE3-A874A3A459A7}.Debug|Any CPU.ActiveCfg = Debug|Any CPU
		{AC14B2F9-B72F-4602-BDE3-A874A3A459A7}.Debug|Any CPU.Build.0 = Debug|Any CPU
		{AC14B2F9-B72F-4602-BDE3-A874A3A459A7}.Debug|x64.ActiveCfg = Debug|Any CPU
		{AC14B2F9-B72F-4602-BDE3-A874A3A459A7}.Debug|x64.Build.0 = Debug|Any CPU
		{AC14B2F9-B72F-4602-BDE3-A874A3A459A7}.Debug|x86.ActiveCfg = Debug|Any CPU
		{AC14B2F9-B72F-4602-BDE3-A874A3A459A7}.Debug|x86.Build.0 = Debug|Any CPU
		{AC14B2F9-B72F-4602-BDE3-A874A3A459A7}.Release|Any CPU.ActiveCfg = Release|Any CPU
		{AC14B2F9-B72F-4602-BDE3-A874A3A459A7}.Release|Any CPU.Build.0 = Release|Any CPU
		{AC14B2F9-B72F-4602-BDE3-A874A3A459A7}.Release|x64.ActiveCfg = Release|Any CPU
		{AC14B2F9-B72F-4602-BDE3-A874A3A459A7}.Release|x64.Build.0 = Release|Any CPU
		{AC14B2F9-B72F-4602-BDE3-A874A3A459A7}.Release|x86.ActiveCfg = Release|Any CPU
		{AC14B2F9-B72F-4602-BDE3-A874A3A459A7}.Release|x86.Build.0 = Release|Any CPU
		{555B49B9-258A-4B19-B6F6-D01D1CB597BE}.Debug|Any CPU.ActiveCfg = Debug|Any CPU
		{555B49B9-258A-4B19-B6F6-D01D1CB597BE}.Debug|Any CPU.Build.0 = Debug|Any CPU
		{555B49B9-258A-4B19-B6F6-D01D1CB597BE}.Debug|x64.ActiveCfg = Debug|Any CPU
		{555B49B9-258A-4B19-B6F6-D01D1CB597BE}.Debug|x64.Build.0 = Debug|Any CPU
		{555B49B9-258A-4B19-B6F6-D01D1CB597BE}.Debug|x86.ActiveCfg = Debug|Any CPU
		{555B49B9-258A-4B19-B6F6-D01D1CB597BE}.Debug|x86.Build.0 = Debug|Any CPU
		{555B49B9-258A-4B19-B6F6-D01D1CB597BE}.Release|Any CPU.ActiveCfg = Release|Any CPU
		{555B49B9-258A-4B19-B6F6-D01D1CB597BE}.Release|Any CPU.Build.0 = Release|Any CPU
		{555B49B9-258A-4B19-B6F6-D01D1CB597BE}.Release|x64.ActiveCfg = Release|Any CPU
		{555B49B9-258A-4B19-B6F6-D01D1CB597BE}.Release|x64.Build.0 = Release|Any CPU
		{555B49B9-258A-4B19-B6F6-D01D1CB597BE}.Release|x86.ActiveCfg = Release|Any CPU
		{555B49B9-258A-4B19-B6F6-D01D1CB597BE}.Release|x86.Build.0 = Release|Any CPU
		{F02E263A-9DD6-4F57-BD37-C61A092DCEC8}.Debug|Any CPU.ActiveCfg = Debug|Any CPU
		{F02E263A-9DD6-4F57-BD37-C61A092DCEC8}.Debug|Any CPU.Build.0 = Debug|Any CPU
		{F02E263A-9DD6-4F57-BD37-C61A092DCEC8}.Debug|x64.ActiveCfg = Debug|Any CPU
		{F02E263A-9DD6-4F57-BD37-C61A092DCEC8}.Debug|x64.Build.0 = Debug|Any CPU
		{F02E263A-9DD6-4F57-BD37-C61A092DCEC8}.Debug|x86.ActiveCfg = Debug|Any CPU
		{F02E263A-9DD6-4F57-BD37-C61A092DCEC8}.Debug|x86.Build.0 = Debug|Any CPU
		{F02E263A-9DD6-4F57-BD37-C61A092DCEC8}.Release|Any CPU.ActiveCfg = Release|Any CPU
		{F02E263A-9DD6-4F57-BD37-C61A092DCEC8}.Release|Any CPU.Build.0 = Release|Any CPU
		{F02E263A-9DD6-4F57-BD37-C61A092DCEC8}.Release|x64.ActiveCfg = Release|Any CPU
		{F02E263A-9DD6-4F57-BD37-C61A092DCEC8}.Release|x64.Build.0 = Release|Any CPU
		{F02E263A-9DD6-4F57-BD37-C61A092DCEC8}.Release|x86.ActiveCfg = Release|Any CPU
		{F02E263A-9DD6-4F57-BD37-C61A092DCEC8}.Release|x86.Build.0 = Release|Any CPU
		{DFD8A92C-AE7F-4714-92BF-8D67959A08E5}.Debug|Any CPU.ActiveCfg = Debug|Any CPU
		{DFD8A92C-AE7F-4714-92BF-8D67959A08E5}.Debug|Any CPU.Build.0 = Debug|Any CPU
		{DFD8A92C-AE7F-4714-92BF-8D67959A08E5}.Debug|x64.ActiveCfg = Debug|Any CPU
		{DFD8A92C-AE7F-4714-92BF-8D67959A08E5}.Debug|x64.Build.0 = Debug|Any CPU
		{DFD8A92C-AE7F-4714-92BF-8D67959A08E5}.Debug|x86.ActiveCfg = Debug|Any CPU
		{DFD8A92C-AE7F-4714-92BF-8D67959A08E5}.Debug|x86.Build.0 = Debug|Any CPU
		{DFD8A92C-AE7F-4714-92BF-8D67959A08E5}.Release|Any CPU.ActiveCfg = Release|Any CPU
		{DFD8A92C-AE7F-4714-92BF-8D67959A08E5}.Release|Any CPU.Build.0 = Release|Any CPU
		{DFD8A92C-AE7F-4714-92BF-8D67959A08E5}.Release|x64.ActiveCfg = Release|Any CPU
		{DFD8A92C-AE7F-4714-92BF-8D67959A08E5}.Release|x64.Build.0 = Release|Any CPU
		{DFD8A92C-AE7F-4714-92BF-8D67959A08E5}.Release|x86.ActiveCfg = Release|Any CPU
		{DFD8A92C-AE7F-4714-92BF-8D67959A08E5}.Release|x86.Build.0 = Release|Any CPU
		{BA4F92FF-51AA-438D-8212-E090B25608E8}.Debug|Any CPU.ActiveCfg = Debug|Any CPU
		{BA4F92FF-51AA-438D-8212-E090B25608E8}.Debug|Any CPU.Build.0 = Debug|Any CPU
		{BA4F92FF-51AA-438D-8212-E090B25608E8}.Debug|x64.ActiveCfg = Debug|Any CPU
		{BA4F92FF-51AA-438D-8212-E090B25608E8}.Debug|x64.Build.0 = Debug|Any CPU
		{BA4F92FF-51AA-438D-8212-E090B25608E8}.Debug|x86.ActiveCfg = Debug|Any CPU
		{BA4F92FF-51AA-438D-8212-E090B25608E8}.Debug|x86.Build.0 = Debug|Any CPU
		{BA4F92FF-51AA-438D-8212-E090B25608E8}.Release|Any CPU.ActiveCfg = Release|Any CPU
		{BA4F92FF-51AA-438D-8212-E090B25608E8}.Release|Any CPU.Build.0 = Release|Any CPU
		{BA4F92FF-51AA-438D-8212-E090B25608E8}.Release|x64.ActiveCfg = Release|Any CPU
		{BA4F92FF-51AA-438D-8212-E090B25608E8}.Release|x64.Build.0 = Release|Any CPU
		{BA4F92FF-51AA-438D-8212-E090B25608E8}.Release|x86.ActiveCfg = Release|Any CPU
		{BA4F92FF-51AA-438D-8212-E090B25608E8}.Release|x86.Build.0 = Release|Any CPU
		{0FD65A02-89D8-4E98-B5B1-CF5D9794FE1B}.Debug|Any CPU.ActiveCfg = Debug|Any CPU
		{0FD65A02-89D8-4E98-B5B1-CF5D9794FE1B}.Debug|Any CPU.Build.0 = Debug|Any CPU
		{0FD65A02-89D8-4E98-B5B1-CF5D9794FE1B}.Debug|x64.ActiveCfg = Debug|Any CPU
		{0FD65A02-89D8-4E98-B5B1-CF5D9794FE1B}.Debug|x64.Build.0 = Debug|Any CPU
		{0FD65A02-89D8-4E98-B5B1-CF5D9794FE1B}.Debug|x86.ActiveCfg = Debug|Any CPU
		{0FD65A02-89D8-4E98-B5B1-CF5D9794FE1B}.Debug|x86.Build.0 = Debug|Any CPU
		{0FD65A02-89D8-4E98-B5B1-CF5D9794FE1B}.Release|Any CPU.ActiveCfg = Release|Any CPU
		{0FD65A02-89D8-4E98-B5B1-CF5D9794FE1B}.Release|Any CPU.Build.0 = Release|Any CPU
		{0FD65A02-89D8-4E98-B5B1-CF5D9794FE1B}.Release|x64.ActiveCfg = Release|Any CPU
		{0FD65A02-89D8-4E98-B5B1-CF5D9794FE1B}.Release|x64.Build.0 = Release|Any CPU
		{0FD65A02-89D8-4E98-B5B1-CF5D9794FE1B}.Release|x86.ActiveCfg = Release|Any CPU
		{0FD65A02-89D8-4E98-B5B1-CF5D9794FE1B}.Release|x86.Build.0 = Release|Any CPU
		{B42E2B10-0EC8-4953-AB5F-B9F2DDD48856}.Debug|Any CPU.ActiveCfg = Debug|Any CPU
		{B42E2B10-0EC8-4953-AB5F-B9F2DDD48856}.Debug|Any CPU.Build.0 = Debug|Any CPU
		{B42E2B10-0EC8-4953-AB5F-B9F2DDD48856}.Debug|x64.ActiveCfg = Debug|Any CPU
		{B42E2B10-0EC8-4953-AB5F-B9F2DDD48856}.Debug|x64.Build.0 = Debug|Any CPU
		{B42E2B10-0EC8-4953-AB5F-B9F2DDD48856}.Debug|x86.ActiveCfg = Debug|Any CPU
		{B42E2B10-0EC8-4953-AB5F-B9F2DDD48856}.Debug|x86.Build.0 = Debug|Any CPU
		{B42E2B10-0EC8-4953-AB5F-B9F2DDD48856}.Release|Any CPU.ActiveCfg = Release|Any CPU
		{B42E2B10-0EC8-4953-AB5F-B9F2DDD48856}.Release|Any CPU.Build.0 = Release|Any CPU
		{B42E2B10-0EC8-4953-AB5F-B9F2DDD48856}.Release|x64.ActiveCfg = Release|Any CPU
		{B42E2B10-0EC8-4953-AB5F-B9F2DDD48856}.Release|x64.Build.0 = Release|Any CPU
		{B42E2B10-0EC8-4953-AB5F-B9F2DDD48856}.Release|x86.ActiveCfg = Release|Any CPU
		{B42E2B10-0EC8-4953-AB5F-B9F2DDD48856}.Release|x86.Build.0 = Release|Any CPU
		{63FDFAEE-3BEB-400D-BF76-B5598706E8F4}.Debug|Any CPU.ActiveCfg = Debug|Any CPU
		{63FDFAEE-3BEB-400D-BF76-B5598706E8F4}.Debug|Any CPU.Build.0 = Debug|Any CPU
		{63FDFAEE-3BEB-400D-BF76-B5598706E8F4}.Debug|x64.ActiveCfg = Debug|Any CPU
		{63FDFAEE-3BEB-400D-BF76-B5598706E8F4}.Debug|x64.Build.0 = Debug|Any CPU
		{63FDFAEE-3BEB-400D-BF76-B5598706E8F4}.Debug|x86.ActiveCfg = Debug|Any CPU
		{63FDFAEE-3BEB-400D-BF76-B5598706E8F4}.Debug|x86.Build.0 = Debug|Any CPU
		{63FDFAEE-3BEB-400D-BF76-B5598706E8F4}.Release|Any CPU.ActiveCfg = Release|Any CPU
		{63FDFAEE-3BEB-400D-BF76-B5598706E8F4}.Release|Any CPU.Build.0 = Release|Any CPU
		{63FDFAEE-3BEB-400D-BF76-B5598706E8F4}.Release|x64.ActiveCfg = Release|Any CPU
		{63FDFAEE-3BEB-400D-BF76-B5598706E8F4}.Release|x64.Build.0 = Release|Any CPU
		{63FDFAEE-3BEB-400D-BF76-B5598706E8F4}.Release|x86.ActiveCfg = Release|Any CPU
		{63FDFAEE-3BEB-400D-BF76-B5598706E8F4}.Release|x86.Build.0 = Release|Any CPU
		{6272EE87-1988-460A-AE03-93F421D8F860}.Debug|Any CPU.ActiveCfg = Debug|Any CPU
		{6272EE87-1988-460A-AE03-93F421D8F860}.Debug|Any CPU.Build.0 = Debug|Any CPU
		{6272EE87-1988-460A-AE03-93F421D8F860}.Debug|x64.ActiveCfg = Debug|Any CPU
		{6272EE87-1988-460A-AE03-93F421D8F860}.Debug|x64.Build.0 = Debug|Any CPU
		{6272EE87-1988-460A-AE03-93F421D8F860}.Debug|x86.ActiveCfg = Debug|Any CPU
		{6272EE87-1988-460A-AE03-93F421D8F860}.Debug|x86.Build.0 = Debug|Any CPU
		{6272EE87-1988-460A-AE03-93F421D8F860}.Release|Any CPU.ActiveCfg = Release|Any CPU
		{6272EE87-1988-460A-AE03-93F421D8F860}.Release|Any CPU.Build.0 = Release|Any CPU
		{6272EE87-1988-460A-AE03-93F421D8F860}.Release|x64.ActiveCfg = Release|Any CPU
		{6272EE87-1988-460A-AE03-93F421D8F860}.Release|x64.Build.0 = Release|Any CPU
		{6272EE87-1988-460A-AE03-93F421D8F860}.Release|x86.ActiveCfg = Release|Any CPU
		{6272EE87-1988-460A-AE03-93F421D8F860}.Release|x86.Build.0 = Release|Any CPU
		{4CCCA061-966D-4F14-A253-958A7CD6A5AE}.Debug|Any CPU.ActiveCfg = Debug|Any CPU
		{4CCCA061-966D-4F14-A253-958A7CD6A5AE}.Debug|Any CPU.Build.0 = Debug|Any CPU
		{4CCCA061-966D-4F14-A253-958A7CD6A5AE}.Debug|x64.ActiveCfg = Debug|Any CPU
		{4CCCA061-966D-4F14-A253-958A7CD6A5AE}.Debug|x64.Build.0 = Debug|Any CPU
		{4CCCA061-966D-4F14-A253-958A7CD6A5AE}.Debug|x86.ActiveCfg = Debug|Any CPU
		{4CCCA061-966D-4F14-A253-958A7CD6A5AE}.Debug|x86.Build.0 = Debug|Any CPU
		{4CCCA061-966D-4F14-A253-958A7CD6A5AE}.Release|Any CPU.ActiveCfg = Release|Any CPU
		{4CCCA061-966D-4F14-A253-958A7CD6A5AE}.Release|Any CPU.Build.0 = Release|Any CPU
		{4CCCA061-966D-4F14-A253-958A7CD6A5AE}.Release|x64.ActiveCfg = Release|Any CPU
		{4CCCA061-966D-4F14-A253-958A7CD6A5AE}.Release|x64.Build.0 = Release|Any CPU
		{4CCCA061-966D-4F14-A253-958A7CD6A5AE}.Release|x86.ActiveCfg = Release|Any CPU
		{4CCCA061-966D-4F14-A253-958A7CD6A5AE}.Release|x86.Build.0 = Release|Any CPU
		{FF9095C3-CDF2-4566-B05B-0CF62F8FB8F5}.Debug|Any CPU.ActiveCfg = Debug|Any CPU
		{FF9095C3-CDF2-4566-B05B-0CF62F8FB8F5}.Debug|Any CPU.Build.0 = Debug|Any CPU
		{FF9095C3-CDF2-4566-B05B-0CF62F8FB8F5}.Debug|x64.ActiveCfg = Debug|Any CPU
		{FF9095C3-CDF2-4566-B05B-0CF62F8FB8F5}.Debug|x64.Build.0 = Debug|Any CPU
		{FF9095C3-CDF2-4566-B05B-0CF62F8FB8F5}.Debug|x86.ActiveCfg = Debug|Any CPU
		{FF9095C3-CDF2-4566-B05B-0CF62F8FB8F5}.Debug|x86.Build.0 = Debug|Any CPU
		{FF9095C3-CDF2-4566-B05B-0CF62F8FB8F5}.Release|Any CPU.ActiveCfg = Release|Any CPU
		{FF9095C3-CDF2-4566-B05B-0CF62F8FB8F5}.Release|Any CPU.Build.0 = Release|Any CPU
		{FF9095C3-CDF2-4566-B05B-0CF62F8FB8F5}.Release|x64.ActiveCfg = Release|Any CPU
		{FF9095C3-CDF2-4566-B05B-0CF62F8FB8F5}.Release|x64.Build.0 = Release|Any CPU
		{FF9095C3-CDF2-4566-B05B-0CF62F8FB8F5}.Release|x86.ActiveCfg = Release|Any CPU
		{FF9095C3-CDF2-4566-B05B-0CF62F8FB8F5}.Release|x86.Build.0 = Release|Any CPU
		{C2460656-56F2-471D-B7D0-FFDF40C38A4C}.Debug|Any CPU.ActiveCfg = Debug|Any CPU
		{C2460656-56F2-471D-B7D0-FFDF40C38A4C}.Debug|Any CPU.Build.0 = Debug|Any CPU
		{C2460656-56F2-471D-B7D0-FFDF40C38A4C}.Debug|x64.ActiveCfg = Debug|Any CPU
		{C2460656-56F2-471D-B7D0-FFDF40C38A4C}.Debug|x64.Build.0 = Debug|Any CPU
		{C2460656-56F2-471D-B7D0-FFDF40C38A4C}.Debug|x86.ActiveCfg = Debug|Any CPU
		{C2460656-56F2-471D-B7D0-FFDF40C38A4C}.Debug|x86.Build.0 = Debug|Any CPU
		{C2460656-56F2-471D-B7D0-FFDF40C38A4C}.Release|Any CPU.ActiveCfg = Release|Any CPU
		{C2460656-56F2-471D-B7D0-FFDF40C38A4C}.Release|Any CPU.Build.0 = Release|Any CPU
		{C2460656-56F2-471D-B7D0-FFDF40C38A4C}.Release|x64.ActiveCfg = Release|Any CPU
		{C2460656-56F2-471D-B7D0-FFDF40C38A4C}.Release|x64.Build.0 = Release|Any CPU
		{C2460656-56F2-471D-B7D0-FFDF40C38A4C}.Release|x86.ActiveCfg = Release|Any CPU
		{C2460656-56F2-471D-B7D0-FFDF40C38A4C}.Release|x86.Build.0 = Release|Any CPU
		{13DE009D-9ACE-4A1C-A671-37267D8248FD}.Debug|Any CPU.ActiveCfg = Debug|Any CPU
		{13DE009D-9ACE-4A1C-A671-37267D8248FD}.Debug|Any CPU.Build.0 = Debug|Any CPU
		{13DE009D-9ACE-4A1C-A671-37267D8248FD}.Debug|x64.ActiveCfg = Debug|Any CPU
		{13DE009D-9ACE-4A1C-A671-37267D8248FD}.Debug|x64.Build.0 = Debug|Any CPU
		{13DE009D-9ACE-4A1C-A671-37267D8248FD}.Debug|x86.ActiveCfg = Debug|Any CPU
		{13DE009D-9ACE-4A1C-A671-37267D8248FD}.Debug|x86.Build.0 = Debug|Any CPU
		{13DE009D-9ACE-4A1C-A671-37267D8248FD}.Release|Any CPU.ActiveCfg = Release|Any CPU
		{13DE009D-9ACE-4A1C-A671-37267D8248FD}.Release|Any CPU.Build.0 = Release|Any CPU
		{13DE009D-9ACE-4A1C-A671-37267D8248FD}.Release|x64.ActiveCfg = Release|Any CPU
		{13DE009D-9ACE-4A1C-A671-37267D8248FD}.Release|x64.Build.0 = Release|Any CPU
		{13DE009D-9ACE-4A1C-A671-37267D8248FD}.Release|x86.ActiveCfg = Release|Any CPU
		{13DE009D-9ACE-4A1C-A671-37267D8248FD}.Release|x86.Build.0 = Release|Any CPU
		{D21DACAD-9F0F-483B-8FC0-33946929D0E9}.Debug|Any CPU.ActiveCfg = Debug|Any CPU
		{D21DACAD-9F0F-483B-8FC0-33946929D0E9}.Debug|Any CPU.Build.0 = Debug|Any CPU
		{D21DACAD-9F0F-483B-8FC0-33946929D0E9}.Debug|x64.ActiveCfg = Debug|Any CPU
		{D21DACAD-9F0F-483B-8FC0-33946929D0E9}.Debug|x64.Build.0 = Debug|Any CPU
		{D21DACAD-9F0F-483B-8FC0-33946929D0E9}.Debug|x86.ActiveCfg = Debug|Any CPU
		{D21DACAD-9F0F-483B-8FC0-33946929D0E9}.Debug|x86.Build.0 = Debug|Any CPU
		{D21DACAD-9F0F-483B-8FC0-33946929D0E9}.Release|Any CPU.ActiveCfg = Release|Any CPU
		{D21DACAD-9F0F-483B-8FC0-33946929D0E9}.Release|Any CPU.Build.0 = Release|Any CPU
		{D21DACAD-9F0F-483B-8FC0-33946929D0E9}.Release|x64.ActiveCfg = Release|Any CPU
		{D21DACAD-9F0F-483B-8FC0-33946929D0E9}.Release|x64.Build.0 = Release|Any CPU
		{D21DACAD-9F0F-483B-8FC0-33946929D0E9}.Release|x86.ActiveCfg = Release|Any CPU
		{D21DACAD-9F0F-483B-8FC0-33946929D0E9}.Release|x86.Build.0 = Release|Any CPU
		{D9EDE207-15AA-4744-A5D8-5516F1C1653F}.Debug|Any CPU.ActiveCfg = Debug|Any CPU
		{D9EDE207-15AA-4744-A5D8-5516F1C1653F}.Debug|Any CPU.Build.0 = Debug|Any CPU
		{D9EDE207-15AA-4744-A5D8-5516F1C1653F}.Debug|x64.ActiveCfg = Debug|Any CPU
		{D9EDE207-15AA-4744-A5D8-5516F1C1653F}.Debug|x64.Build.0 = Debug|Any CPU
		{D9EDE207-15AA-4744-A5D8-5516F1C1653F}.Debug|x86.ActiveCfg = Debug|Any CPU
		{D9EDE207-15AA-4744-A5D8-5516F1C1653F}.Debug|x86.Build.0 = Debug|Any CPU
		{D9EDE207-15AA-4744-A5D8-5516F1C1653F}.Release|Any CPU.ActiveCfg = Release|Any CPU
		{D9EDE207-15AA-4744-A5D8-5516F1C1653F}.Release|Any CPU.Build.0 = Release|Any CPU
		{D9EDE207-15AA-4744-A5D8-5516F1C1653F}.Release|x64.ActiveCfg = Release|Any CPU
		{D9EDE207-15AA-4744-A5D8-5516F1C1653F}.Release|x64.Build.0 = Release|Any CPU
		{D9EDE207-15AA-4744-A5D8-5516F1C1653F}.Release|x86.ActiveCfg = Release|Any CPU
		{D9EDE207-15AA-4744-A5D8-5516F1C1653F}.Release|x86.Build.0 = Release|Any CPU
		{FA1874B9-F99B-46A3-BE93-D0890A79BB94}.Debug|Any CPU.ActiveCfg = Debug|Any CPU
		{FA1874B9-F99B-46A3-BE93-D0890A79BB94}.Debug|Any CPU.Build.0 = Debug|Any CPU
		{FA1874B9-F99B-46A3-BE93-D0890A79BB94}.Debug|x64.ActiveCfg = Debug|Any CPU
		{FA1874B9-F99B-46A3-BE93-D0890A79BB94}.Debug|x64.Build.0 = Debug|Any CPU
		{FA1874B9-F99B-46A3-BE93-D0890A79BB94}.Debug|x86.ActiveCfg = Debug|Any CPU
		{FA1874B9-F99B-46A3-BE93-D0890A79BB94}.Debug|x86.Build.0 = Debug|Any CPU
		{FA1874B9-F99B-46A3-BE93-D0890A79BB94}.Release|Any CPU.ActiveCfg = Release|Any CPU
		{FA1874B9-F99B-46A3-BE93-D0890A79BB94}.Release|Any CPU.Build.0 = Release|Any CPU
		{FA1874B9-F99B-46A3-BE93-D0890A79BB94}.Release|x64.ActiveCfg = Release|Any CPU
		{FA1874B9-F99B-46A3-BE93-D0890A79BB94}.Release|x64.Build.0 = Release|Any CPU
		{FA1874B9-F99B-46A3-BE93-D0890A79BB94}.Release|x86.ActiveCfg = Release|Any CPU
		{FA1874B9-F99B-46A3-BE93-D0890A79BB94}.Release|x86.Build.0 = Release|Any CPU
		{AFBE0026-223B-4C12-9A23-70464333022E}.Debug|Any CPU.ActiveCfg = Debug|Any CPU
		{AFBE0026-223B-4C12-9A23-70464333022E}.Debug|Any CPU.Build.0 = Debug|Any CPU
		{AFBE0026-223B-4C12-9A23-70464333022E}.Debug|x64.ActiveCfg = Debug|Any CPU
		{AFBE0026-223B-4C12-9A23-70464333022E}.Debug|x64.Build.0 = Debug|Any CPU
		{AFBE0026-223B-4C12-9A23-70464333022E}.Debug|x86.ActiveCfg = Debug|Any CPU
		{AFBE0026-223B-4C12-9A23-70464333022E}.Debug|x86.Build.0 = Debug|Any CPU
		{AFBE0026-223B-4C12-9A23-70464333022E}.Release|Any CPU.ActiveCfg = Release|Any CPU
		{AFBE0026-223B-4C12-9A23-70464333022E}.Release|Any CPU.Build.0 = Release|Any CPU
		{AFBE0026-223B-4C12-9A23-70464333022E}.Release|x64.ActiveCfg = Release|Any CPU
		{AFBE0026-223B-4C12-9A23-70464333022E}.Release|x64.Build.0 = Release|Any CPU
		{AFBE0026-223B-4C12-9A23-70464333022E}.Release|x86.ActiveCfg = Release|Any CPU
		{AFBE0026-223B-4C12-9A23-70464333022E}.Release|x86.Build.0 = Release|Any CPU
		{260078FB-6629-4E0A-8146-183E38196EA2}.Debug|Any CPU.ActiveCfg = Debug|Any CPU
		{260078FB-6629-4E0A-8146-183E38196EA2}.Debug|Any CPU.Build.0 = Debug|Any CPU
		{260078FB-6629-4E0A-8146-183E38196EA2}.Debug|x64.ActiveCfg = Debug|Any CPU
		{260078FB-6629-4E0A-8146-183E38196EA2}.Debug|x64.Build.0 = Debug|Any CPU
		{260078FB-6629-4E0A-8146-183E38196EA2}.Debug|x86.ActiveCfg = Debug|Any CPU
		{260078FB-6629-4E0A-8146-183E38196EA2}.Debug|x86.Build.0 = Debug|Any CPU
		{260078FB-6629-4E0A-8146-183E38196EA2}.Release|Any CPU.ActiveCfg = Release|Any CPU
		{260078FB-6629-4E0A-8146-183E38196EA2}.Release|Any CPU.Build.0 = Release|Any CPU
		{260078FB-6629-4E0A-8146-183E38196EA2}.Release|x64.ActiveCfg = Release|Any CPU
		{260078FB-6629-4E0A-8146-183E38196EA2}.Release|x64.Build.0 = Release|Any CPU
		{260078FB-6629-4E0A-8146-183E38196EA2}.Release|x86.ActiveCfg = Release|Any CPU
		{260078FB-6629-4E0A-8146-183E38196EA2}.Release|x86.Build.0 = Release|Any CPU
		{A2C2DA39-4851-49D6-84F7-592466CB487A}.Debug|Any CPU.ActiveCfg = Debug|Any CPU
		{A2C2DA39-4851-49D6-84F7-592466CB487A}.Debug|Any CPU.Build.0 = Debug|Any CPU
		{A2C2DA39-4851-49D6-84F7-592466CB487A}.Debug|x64.ActiveCfg = Debug|Any CPU
		{A2C2DA39-4851-49D6-84F7-592466CB487A}.Debug|x64.Build.0 = Debug|Any CPU
		{A2C2DA39-4851-49D6-84F7-592466CB487A}.Debug|x86.ActiveCfg = Debug|Any CPU
		{A2C2DA39-4851-49D6-84F7-592466CB487A}.Debug|x86.Build.0 = Debug|Any CPU
		{A2C2DA39-4851-49D6-84F7-592466CB487A}.Release|Any CPU.ActiveCfg = Release|Any CPU
		{A2C2DA39-4851-49D6-84F7-592466CB487A}.Release|Any CPU.Build.0 = Release|Any CPU
		{A2C2DA39-4851-49D6-84F7-592466CB487A}.Release|x64.ActiveCfg = Release|Any CPU
		{A2C2DA39-4851-49D6-84F7-592466CB487A}.Release|x64.Build.0 = Release|Any CPU
		{A2C2DA39-4851-49D6-84F7-592466CB487A}.Release|x86.ActiveCfg = Release|Any CPU
		{A2C2DA39-4851-49D6-84F7-592466CB487A}.Release|x86.Build.0 = Release|Any CPU
		{39258523-7752-4963-B411-5AFC6563A288}.Debug|Any CPU.ActiveCfg = Debug|Any CPU
		{39258523-7752-4963-B411-5AFC6563A288}.Debug|Any CPU.Build.0 = Debug|Any CPU
		{39258523-7752-4963-B411-5AFC6563A288}.Debug|x64.ActiveCfg = Debug|Any CPU
		{39258523-7752-4963-B411-5AFC6563A288}.Debug|x64.Build.0 = Debug|Any CPU
		{39258523-7752-4963-B411-5AFC6563A288}.Debug|x86.ActiveCfg = Debug|Any CPU
		{39258523-7752-4963-B411-5AFC6563A288}.Debug|x86.Build.0 = Debug|Any CPU
		{39258523-7752-4963-B411-5AFC6563A288}.Release|Any CPU.ActiveCfg = Release|Any CPU
		{39258523-7752-4963-B411-5AFC6563A288}.Release|Any CPU.Build.0 = Release|Any CPU
		{39258523-7752-4963-B411-5AFC6563A288}.Release|x64.ActiveCfg = Release|Any CPU
		{39258523-7752-4963-B411-5AFC6563A288}.Release|x64.Build.0 = Release|Any CPU
		{39258523-7752-4963-B411-5AFC6563A288}.Release|x86.ActiveCfg = Release|Any CPU
		{39258523-7752-4963-B411-5AFC6563A288}.Release|x86.Build.0 = Release|Any CPU
		{7BBEB94E-65BC-4797-B833-91A7CE03C13B}.Debug|Any CPU.ActiveCfg = Debug|Any CPU
		{7BBEB94E-65BC-4797-B833-91A7CE03C13B}.Debug|Any CPU.Build.0 = Debug|Any CPU
		{7BBEB94E-65BC-4797-B833-91A7CE03C13B}.Debug|x64.ActiveCfg = Debug|Any CPU
		{7BBEB94E-65BC-4797-B833-91A7CE03C13B}.Debug|x64.Build.0 = Debug|Any CPU
		{7BBEB94E-65BC-4797-B833-91A7CE03C13B}.Debug|x86.ActiveCfg = Debug|Any CPU
		{7BBEB94E-65BC-4797-B833-91A7CE03C13B}.Debug|x86.Build.0 = Debug|Any CPU
		{7BBEB94E-65BC-4797-B833-91A7CE03C13B}.Release|Any CPU.ActiveCfg = Release|Any CPU
		{7BBEB94E-65BC-4797-B833-91A7CE03C13B}.Release|Any CPU.Build.0 = Release|Any CPU
		{7BBEB94E-65BC-4797-B833-91A7CE03C13B}.Release|x64.ActiveCfg = Release|Any CPU
		{7BBEB94E-65BC-4797-B833-91A7CE03C13B}.Release|x64.Build.0 = Release|Any CPU
		{7BBEB94E-65BC-4797-B833-91A7CE03C13B}.Release|x86.ActiveCfg = Release|Any CPU
		{7BBEB94E-65BC-4797-B833-91A7CE03C13B}.Release|x86.Build.0 = Release|Any CPU
		{758DB8F1-2248-46AD-967B-0D5DF79FCEA8}.Debug|Any CPU.ActiveCfg = Debug|Any CPU
		{758DB8F1-2248-46AD-967B-0D5DF79FCEA8}.Debug|Any CPU.Build.0 = Debug|Any CPU
		{758DB8F1-2248-46AD-967B-0D5DF79FCEA8}.Debug|x64.ActiveCfg = Debug|Any CPU
		{758DB8F1-2248-46AD-967B-0D5DF79FCEA8}.Debug|x64.Build.0 = Debug|Any CPU
		{758DB8F1-2248-46AD-967B-0D5DF79FCEA8}.Debug|x86.ActiveCfg = Debug|Any CPU
		{758DB8F1-2248-46AD-967B-0D5DF79FCEA8}.Debug|x86.Build.0 = Debug|Any CPU
		{758DB8F1-2248-46AD-967B-0D5DF79FCEA8}.Release|Any CPU.ActiveCfg = Release|Any CPU
		{758DB8F1-2248-46AD-967B-0D5DF79FCEA8}.Release|Any CPU.Build.0 = Release|Any CPU
		{758DB8F1-2248-46AD-967B-0D5DF79FCEA8}.Release|x64.ActiveCfg = Release|Any CPU
		{758DB8F1-2248-46AD-967B-0D5DF79FCEA8}.Release|x64.Build.0 = Release|Any CPU
		{758DB8F1-2248-46AD-967B-0D5DF79FCEA8}.Release|x86.ActiveCfg = Release|Any CPU
		{758DB8F1-2248-46AD-967B-0D5DF79FCEA8}.Release|x86.Build.0 = Release|Any CPU
		{B55C4775-08F3-4F5B-AD5F-F18867AA54A8}.Debug|Any CPU.ActiveCfg = Debug|Any CPU
		{B55C4775-08F3-4F5B-AD5F-F18867AA54A8}.Debug|Any CPU.Build.0 = Debug|Any CPU
		{B55C4775-08F3-4F5B-AD5F-F18867AA54A8}.Debug|x64.ActiveCfg = Debug|Any CPU
		{B55C4775-08F3-4F5B-AD5F-F18867AA54A8}.Debug|x64.Build.0 = Debug|Any CPU
		{B55C4775-08F3-4F5B-AD5F-F18867AA54A8}.Debug|x86.ActiveCfg = Debug|Any CPU
		{B55C4775-08F3-4F5B-AD5F-F18867AA54A8}.Debug|x86.Build.0 = Debug|Any CPU
		{B55C4775-08F3-4F5B-AD5F-F18867AA54A8}.Release|Any CPU.ActiveCfg = Release|Any CPU
		{B55C4775-08F3-4F5B-AD5F-F18867AA54A8}.Release|Any CPU.Build.0 = Release|Any CPU
		{B55C4775-08F3-4F5B-AD5F-F18867AA54A8}.Release|x64.ActiveCfg = Release|Any CPU
		{B55C4775-08F3-4F5B-AD5F-F18867AA54A8}.Release|x64.Build.0 = Release|Any CPU
		{B55C4775-08F3-4F5B-AD5F-F18867AA54A8}.Release|x86.ActiveCfg = Release|Any CPU
		{B55C4775-08F3-4F5B-AD5F-F18867AA54A8}.Release|x86.Build.0 = Release|Any CPU
		{7179A9E7-ADEE-498F-911A-379A6D2E3FB9}.Debug|Any CPU.ActiveCfg = Debug|Any CPU
		{7179A9E7-ADEE-498F-911A-379A6D2E3FB9}.Debug|Any CPU.Build.0 = Debug|Any CPU
		{7179A9E7-ADEE-498F-911A-379A6D2E3FB9}.Debug|x64.ActiveCfg = Debug|Any CPU
		{7179A9E7-ADEE-498F-911A-379A6D2E3FB9}.Debug|x64.Build.0 = Debug|Any CPU
		{7179A9E7-ADEE-498F-911A-379A6D2E3FB9}.Debug|x86.ActiveCfg = Debug|Any CPU
		{7179A9E7-ADEE-498F-911A-379A6D2E3FB9}.Debug|x86.Build.0 = Debug|Any CPU
		{7179A9E7-ADEE-498F-911A-379A6D2E3FB9}.Release|Any CPU.ActiveCfg = Release|Any CPU
		{7179A9E7-ADEE-498F-911A-379A6D2E3FB9}.Release|Any CPU.Build.0 = Release|Any CPU
		{7179A9E7-ADEE-498F-911A-379A6D2E3FB9}.Release|x64.ActiveCfg = Release|Any CPU
		{7179A9E7-ADEE-498F-911A-379A6D2E3FB9}.Release|x64.Build.0 = Release|Any CPU
		{7179A9E7-ADEE-498F-911A-379A6D2E3FB9}.Release|x86.ActiveCfg = Release|Any CPU
		{7179A9E7-ADEE-498F-911A-379A6D2E3FB9}.Release|x86.Build.0 = Release|Any CPU
		{69364437-2133-4B7A-894C-28C1EDF6A495}.Debug|Any CPU.ActiveCfg = Debug|Any CPU
		{69364437-2133-4B7A-894C-28C1EDF6A495}.Debug|Any CPU.Build.0 = Debug|Any CPU
		{69364437-2133-4B7A-894C-28C1EDF6A495}.Debug|x64.ActiveCfg = Debug|Any CPU
		{69364437-2133-4B7A-894C-28C1EDF6A495}.Debug|x64.Build.0 = Debug|Any CPU
		{69364437-2133-4B7A-894C-28C1EDF6A495}.Debug|x86.ActiveCfg = Debug|Any CPU
		{69364437-2133-4B7A-894C-28C1EDF6A495}.Debug|x86.Build.0 = Debug|Any CPU
		{69364437-2133-4B7A-894C-28C1EDF6A495}.Release|Any CPU.ActiveCfg = Release|Any CPU
		{69364437-2133-4B7A-894C-28C1EDF6A495}.Release|Any CPU.Build.0 = Release|Any CPU
		{69364437-2133-4B7A-894C-28C1EDF6A495}.Release|x64.ActiveCfg = Release|Any CPU
		{69364437-2133-4B7A-894C-28C1EDF6A495}.Release|x64.Build.0 = Release|Any CPU
		{69364437-2133-4B7A-894C-28C1EDF6A495}.Release|x86.ActiveCfg = Release|Any CPU
		{69364437-2133-4B7A-894C-28C1EDF6A495}.Release|x86.Build.0 = Release|Any CPU
		{DA6ED3E0-428C-40E1-88D3-633356B1D937}.Debug|Any CPU.ActiveCfg = Debug|Any CPU
		{DA6ED3E0-428C-40E1-88D3-633356B1D937}.Debug|Any CPU.Build.0 = Debug|Any CPU
		{DA6ED3E0-428C-40E1-88D3-633356B1D937}.Debug|x64.ActiveCfg = Debug|Any CPU
		{DA6ED3E0-428C-40E1-88D3-633356B1D937}.Debug|x64.Build.0 = Debug|Any CPU
		{DA6ED3E0-428C-40E1-88D3-633356B1D937}.Debug|x86.ActiveCfg = Debug|Any CPU
		{DA6ED3E0-428C-40E1-88D3-633356B1D937}.Debug|x86.Build.0 = Debug|Any CPU
		{DA6ED3E0-428C-40E1-88D3-633356B1D937}.Release|Any CPU.ActiveCfg = Release|Any CPU
		{DA6ED3E0-428C-40E1-88D3-633356B1D937}.Release|Any CPU.Build.0 = Release|Any CPU
		{DA6ED3E0-428C-40E1-88D3-633356B1D937}.Release|x64.ActiveCfg = Release|Any CPU
		{DA6ED3E0-428C-40E1-88D3-633356B1D937}.Release|x64.Build.0 = Release|Any CPU
		{DA6ED3E0-428C-40E1-88D3-633356B1D937}.Release|x86.ActiveCfg = Release|Any CPU
		{DA6ED3E0-428C-40E1-88D3-633356B1D937}.Release|x86.Build.0 = Release|Any CPU
		{B0D81863-9A60-4AFB-8C55-BCBF35FFE904}.Debug|Any CPU.ActiveCfg = Debug|Any CPU
		{B0D81863-9A60-4AFB-8C55-BCBF35FFE904}.Debug|Any CPU.Build.0 = Debug|Any CPU
		{B0D81863-9A60-4AFB-8C55-BCBF35FFE904}.Debug|x64.ActiveCfg = Debug|Any CPU
		{B0D81863-9A60-4AFB-8C55-BCBF35FFE904}.Debug|x64.Build.0 = Debug|Any CPU
		{B0D81863-9A60-4AFB-8C55-BCBF35FFE904}.Debug|x86.ActiveCfg = Debug|Any CPU
		{B0D81863-9A60-4AFB-8C55-BCBF35FFE904}.Debug|x86.Build.0 = Debug|Any CPU
		{B0D81863-9A60-4AFB-8C55-BCBF35FFE904}.Release|Any CPU.ActiveCfg = Release|Any CPU
		{B0D81863-9A60-4AFB-8C55-BCBF35FFE904}.Release|Any CPU.Build.0 = Release|Any CPU
		{B0D81863-9A60-4AFB-8C55-BCBF35FFE904}.Release|x64.ActiveCfg = Release|Any CPU
		{B0D81863-9A60-4AFB-8C55-BCBF35FFE904}.Release|x64.Build.0 = Release|Any CPU
		{B0D81863-9A60-4AFB-8C55-BCBF35FFE904}.Release|x86.ActiveCfg = Release|Any CPU
		{B0D81863-9A60-4AFB-8C55-BCBF35FFE904}.Release|x86.Build.0 = Release|Any CPU
	EndGlobalSection
	GlobalSection(SolutionProperties) = preSolution
		HideSolutionNode = FALSE
	EndGlobalSection
	GlobalSection(ExtensibilityGlobals) = postSolution
		SolutionGuid = {5E3232C3-9A20-4BD6-9022-200E4ABAFE4E}
	EndGlobalSection
EndGlobal
